// !$*UTF8*$!
{
	archiveVersion = 1;
	classes = {
	};
	objectVersion = 52;
	objects = {

/* Begin PBXBuildFile section */
		4615CCE3245F6D6F0071A5FC /* EmailValidator.swift in Sources */ = {isa = PBXBuildFile; fileRef = 4615CCE2245F6D6F0071A5FC /* EmailValidator.swift */; };
		461B280F245D139B00ED32C1 /* AddAccount.swift in Sources */ = {isa = PBXBuildFile; fileRef = 461B280E245D139B00ED32C1 /* AddAccount.swift */; };
		461B2811245D162700ED32C1 /* AccountModel.swift in Sources */ = {isa = PBXBuildFile; fileRef = 461B2810245D162700ED32C1 /* AccountModel.swift */; };
		461B2820245D1BD400ED32C1 /* Data.framework in Frameworks */ = {isa = PBXBuildFile; fileRef = 461B2817245D1BD400ED32C1 /* Data.framework */; };
		461B2825245D1BD400ED32C1 /* RemoteAddAccountTests.swift in Sources */ = {isa = PBXBuildFile; fileRef = 461B2824245D1BD400ED32C1 /* RemoteAddAccountTests.swift */; };
		461B282F245D1C2A00ED32C1 /* Domain.framework in Frameworks */ = {isa = PBXBuildFile; fileRef = 46938E71245D10F400F6F599 /* Domain.framework */; };
		461B2830245D1C2B00ED32C1 /* Domain.framework in Embed Frameworks */ = {isa = PBXBuildFile; fileRef = 46938E71245D10F400F6F599 /* Domain.framework */; settings = {ATTRIBUTES = (CodeSignOnCopy, RemoveHeadersOnCopy, ); }; };
		4626DB26245FA9EA00F4508F /* TestExtensions.swift in Sources */ = {isa = PBXBuildFile; fileRef = 4659F2C2245E137600797A2F /* TestExtensions.swift */; };
		4626DB28245FACEA00F4508F /* LoadingView.swift in Sources */ = {isa = PBXBuildFile; fileRef = 4626DB27245FACEA00F4508F /* LoadingView.swift */; };
		4629200E245E289F00C85316 /* Infra.framework in Frameworks */ = {isa = PBXBuildFile; fileRef = 46292005245E289E00C85316 /* Infra.framework */; };
		46292013245E289F00C85316 /* AlamofireAdapterTests.swift in Sources */ = {isa = PBXBuildFile; fileRef = 46292012245E289F00C85316 /* AlamofireAdapterTests.swift */; };
		4629201C245E2B1F00C85316 /* Data.framework in Frameworks */ = {isa = PBXBuildFile; fileRef = 461B2817245D1BD400ED32C1 /* Data.framework */; };
		4629201D245E2B1F00C85316 /* Data.framework in Embed Frameworks */ = {isa = PBXBuildFile; fileRef = 461B2817245D1BD400ED32C1 /* Data.framework */; settings = {ATTRIBUTES = (CodeSignOnCopy, RemoveHeadersOnCopy, ); }; };
		46292021245E2B6A00C85316 /* TestExtensions.swift in Sources */ = {isa = PBXBuildFile; fileRef = 4659F2C2245E137600797A2F /* TestExtensions.swift */; };
		46292022245E2B7800C85316 /* TestFactories.swift in Sources */ = {isa = PBXBuildFile; fileRef = 4659F2C4245E145B00797A2F /* TestFactories.swift */; };
		46292025245E2D1500C85316 /* Alamofire in Frameworks */ = {isa = PBXBuildFile; productRef = 46292024245E2D1500C85316 /* Alamofire */; };
		4659F2AD245DCDC300797A2F /* Model.swift in Sources */ = {isa = PBXBuildFile; fileRef = 4659F2AC245DCDC300797A2F /* Model.swift */; };
		4659F2AF245DCF2000797A2F /* RemoteAddAccount.swift in Sources */ = {isa = PBXBuildFile; fileRef = 4659F2AE245DCF2000797A2F /* RemoteAddAccount.swift */; };
		4659F2B3245DD09E00797A2F /* HttpPostClient.swift in Sources */ = {isa = PBXBuildFile; fileRef = 4659F2B2245DD09E00797A2F /* HttpPostClient.swift */; };
		4659F2BB245DDC1600797A2F /* DomainError.swift in Sources */ = {isa = PBXBuildFile; fileRef = 4659F2BA245DDC1600797A2F /* DomainError.swift */; };
		4659F2BD245DE0A200797A2F /* HttpError.swift in Sources */ = {isa = PBXBuildFile; fileRef = 4659F2BC245DE0A200797A2F /* HttpError.swift */; };
		4659F2C0245DFDAC00797A2F /* ExtensionHelpers.swift in Sources */ = {isa = PBXBuildFile; fileRef = 4659F2BF245DFDAC00797A2F /* ExtensionHelpers.swift */; };
		4659F2C3245E137600797A2F /* TestExtensions.swift in Sources */ = {isa = PBXBuildFile; fileRef = 4659F2C2245E137600797A2F /* TestExtensions.swift */; };
		4659F2C5245E145B00797A2F /* TestFactories.swift in Sources */ = {isa = PBXBuildFile; fileRef = 4659F2C4245E145B00797A2F /* TestFactories.swift */; };
		4659F2C8245E153800797A2F /* HttpClientSpy.swift in Sources */ = {isa = PBXBuildFile; fileRef = 4659F2C7245E153800797A2F /* HttpClientSpy.swift */; };
		4659F2CA245E15BD00797A2F /* AccountModelFactory.swift in Sources */ = {isa = PBXBuildFile; fileRef = 4659F2C9245E15BD00797A2F /* AccountModelFactory.swift */; };
		466F692D245F4D7500075A93 /* Domain.framework in Frameworks */ = {isa = PBXBuildFile; fileRef = 46938E71245D10F400F6F599 /* Domain.framework */; };
		466F6938245F4E9200075A93 /* AddAccountIntegrationTests.swift in Sources */ = {isa = PBXBuildFile; fileRef = 466F6937245F4E9200075A93 /* AddAccountIntegrationTests.swift */; };
		466F6947245F54F200075A93 /* Presentation.framework in Frameworks */ = {isa = PBXBuildFile; fileRef = 466F693E245F54F200075A93 /* Presentation.framework */; };
		466F694C245F54F200075A93 /* SignUpPresenterTests.swift in Sources */ = {isa = PBXBuildFile; fileRef = 466F694B245F54F200075A93 /* SignUpPresenterTests.swift */; };
		46BF068D246641CA006C64EA /* Presentation.framework in Frameworks */ = {isa = PBXBuildFile; fileRef = 466F693E245F54F200075A93 /* Presentation.framework */; };
		46BF068E246641CA006C64EA /* Presentation.framework in Embed Frameworks */ = {isa = PBXBuildFile; fileRef = 466F693E245F54F200075A93 /* Presentation.framework */; settings = {ATTRIBUTES = (CodeSignOnCopy, RemoveHeadersOnCopy, ); }; };
		46BF0693246643B6006C64EA /* SignUp.storyboard in Resources */ = {isa = PBXBuildFile; fileRef = 46BF0692246643B6006C64EA /* SignUp.storyboard */; };
		46CD5B842461065500DBFC15 /* AlertViewSpy.swift in Sources */ = {isa = PBXBuildFile; fileRef = 46CD5B832461065500DBFC15 /* AlertViewSpy.swift */; };
		46CD5B87246106C800DBFC15 /* EmailValidatorSpy.swift in Sources */ = {isa = PBXBuildFile; fileRef = 46CD5B86246106C800DBFC15 /* EmailValidatorSpy.swift */; };
		46CD5B8A2461073E00DBFC15 /* AddAccountSpy.swift in Sources */ = {isa = PBXBuildFile; fileRef = 46CD5B892461073E00DBFC15 /* AddAccountSpy.swift */; };
		46CD5B8C246107E100DBFC15 /* LoadingViewSpy.swift in Sources */ = {isa = PBXBuildFile; fileRef = 46CD5B8B246107E100DBFC15 /* LoadingViewSpy.swift */; };
		46CD5B90246108B300DBFC15 /* TestFactories.swift in Sources */ = {isa = PBXBuildFile; fileRef = 46CD5B8F246108B300DBFC15 /* TestFactories.swift */; };
		46CD5B9F24610C0300DBFC15 /* UI.framework in Frameworks */ = {isa = PBXBuildFile; fileRef = 46CD5B9624610C0200DBFC15 /* UI.framework */; };
		46CD5BA424610C0300DBFC15 /* SignUpViewControllerTests.swift in Sources */ = {isa = PBXBuildFile; fileRef = 46CD5BA324610C0300DBFC15 /* SignUpViewControllerTests.swift */; };
		46CD5BAE2461120700DBFC15 /* SignUpViewController.swift in Sources */ = {isa = PBXBuildFile; fileRef = 46CD5BAD2461120700DBFC15 /* SignUpViewController.swift */; };
		46DC7106245F2331005C2442 /* AlamofireAdapter.swift in Sources */ = {isa = PBXBuildFile; fileRef = 46DC7105245F2331005C2442 /* AlamofireAdapter.swift */; };
		46DD980B245F66BB00B44A38 /* SignUpPresenter.swift in Sources */ = {isa = PBXBuildFile; fileRef = 46DD980A245F66BB00B44A38 /* SignUpPresenter.swift */; };
		46DD980C245F66F900B44A38 /* Domain.framework in Frameworks */ = {isa = PBXBuildFile; fileRef = 46938E71245D10F400F6F599 /* Domain.framework */; };
		46DD980D245F66F900B44A38 /* Domain.framework in Embed Frameworks */ = {isa = PBXBuildFile; fileRef = 46938E71245D10F400F6F599 /* Domain.framework */; settings = {ATTRIBUTES = (CodeSignOnCopy, RemoveHeadersOnCopy, ); }; };
		46DD9813245F67B900B44A38 /* AlertView.swift in Sources */ = {isa = PBXBuildFile; fileRef = 46DD9812245F67B900B44A38 /* AlertView.swift */; };
		46E4C070245F958200C83FB6 /* AccountModelFactory.swift in Sources */ = {isa = PBXBuildFile; fileRef = 4659F2C9245E15BD00797A2F /* AccountModelFactory.swift */; };
		46E79E492460F8BF006745DF /* SignUpViewModel.swift in Sources */ = {isa = PBXBuildFile; fileRef = 46E79E482460F8BF006745DF /* SignUpViewModel.swift */; };
		46E79E4B2460F959006745DF /* SignUpMapper.swift in Sources */ = {isa = PBXBuildFile; fileRef = 46E79E4A2460F959006745DF /* SignUpMapper.swift */; };
		46EC26C7245F277900E1155D /* UrlProtocolStub.swift in Sources */ = {isa = PBXBuildFile; fileRef = 46EC26C6245F277900E1155D /* UrlProtocolStub.swift */; };
/* End PBXBuildFile section */

/* Begin PBXContainerItemProxy section */
		461B2821245D1BD400ED32C1 /* PBXContainerItemProxy */ = {
			isa = PBXContainerItemProxy;
			containerPortal = 46938E58245D0FEC00F6F599 /* Project object */;
			proxyType = 1;
			remoteGlobalIDString = 461B2816245D1BD400ED32C1;
			remoteInfo = Data;
		};
		461B2831245D1C2B00ED32C1 /* PBXContainerItemProxy */ = {
			isa = PBXContainerItemProxy;
			containerPortal = 46938E58245D0FEC00F6F599 /* Project object */;
			proxyType = 1;
			remoteGlobalIDString = 46938E70245D10F400F6F599;
			remoteInfo = Domain;
		};
		4629200F245E289F00C85316 /* PBXContainerItemProxy */ = {
			isa = PBXContainerItemProxy;
			containerPortal = 46938E58245D0FEC00F6F599 /* Project object */;
			proxyType = 1;
			remoteGlobalIDString = 46292004245E289E00C85316;
			remoteInfo = Infra;
		};
		4629201E245E2B1F00C85316 /* PBXContainerItemProxy */ = {
			isa = PBXContainerItemProxy;
			containerPortal = 46938E58245D0FEC00F6F599 /* Project object */;
			proxyType = 1;
			remoteGlobalIDString = 461B2816245D1BD400ED32C1;
			remoteInfo = Data;
		};
		466F692E245F4D7500075A93 /* PBXContainerItemProxy */ = {
			isa = PBXContainerItemProxy;
			containerPortal = 46938E58245D0FEC00F6F599 /* Project object */;
			proxyType = 1;
			remoteGlobalIDString = 46938E70245D10F400F6F599;
			remoteInfo = Domain;
		};
		466F6933245F4E0400075A93 /* PBXContainerItemProxy */ = {
			isa = PBXContainerItemProxy;
			containerPortal = 46938E58245D0FEC00F6F599 /* Project object */;
			proxyType = 1;
			remoteGlobalIDString = 461B2816245D1BD400ED32C1;
			remoteInfo = Data;
		};
		466F6935245F4E0400075A93 /* PBXContainerItemProxy */ = {
			isa = PBXContainerItemProxy;
			containerPortal = 46938E58245D0FEC00F6F599 /* Project object */;
			proxyType = 1;
			remoteGlobalIDString = 46292004245E289E00C85316;
			remoteInfo = Infra;
		};
		466F6948245F54F200075A93 /* PBXContainerItemProxy */ = {
			isa = PBXContainerItemProxy;
			containerPortal = 46938E58245D0FEC00F6F599 /* Project object */;
			proxyType = 1;
			remoteGlobalIDString = 466F693D245F54F200075A93;
			remoteInfo = Presentation;
		};
		46BF068F246641CA006C64EA /* PBXContainerItemProxy */ = {
			isa = PBXContainerItemProxy;
			containerPortal = 46938E58245D0FEC00F6F599 /* Project object */;
			proxyType = 1;
			remoteGlobalIDString = 466F693D245F54F200075A93;
			remoteInfo = Presentation;
		};
		46CD5BA024610C0300DBFC15 /* PBXContainerItemProxy */ = {
			isa = PBXContainerItemProxy;
			containerPortal = 46938E58245D0FEC00F6F599 /* Project object */;
			proxyType = 1;
			remoteGlobalIDString = 46CD5B9524610C0200DBFC15;
			remoteInfo = UI;
		};
		46DD980E245F66F900B44A38 /* PBXContainerItemProxy */ = {
			isa = PBXContainerItemProxy;
			containerPortal = 46938E58245D0FEC00F6F599 /* Project object */;
			proxyType = 1;
			remoteGlobalIDString = 46938E70245D10F400F6F599;
			remoteInfo = Domain;
		};
/* End PBXContainerItemProxy section */

/* Begin PBXCopyFilesBuildPhase section */
		461B2833245D1C2B00ED32C1 /* Embed Frameworks */ = {
			isa = PBXCopyFilesBuildPhase;
			buildActionMask = 2147483647;
			dstPath = "";
			dstSubfolderSpec = 10;
			files = (
				461B2830245D1C2B00ED32C1 /* Domain.framework in Embed Frameworks */,
			);
			name = "Embed Frameworks";
			runOnlyForDeploymentPostprocessing = 0;
		};
		46292020245E2B1F00C85316 /* Embed Frameworks */ = {
			isa = PBXCopyFilesBuildPhase;
			buildActionMask = 2147483647;
			dstPath = "";
			dstSubfolderSpec = 10;
			files = (
				4629201D245E2B1F00C85316 /* Data.framework in Embed Frameworks */,
			);
			name = "Embed Frameworks";
			runOnlyForDeploymentPostprocessing = 0;
		};
		46BF0691246641CA006C64EA /* Embed Frameworks */ = {
			isa = PBXCopyFilesBuildPhase;
			buildActionMask = 2147483647;
			dstPath = "";
			dstSubfolderSpec = 10;
			files = (
				46BF068E246641CA006C64EA /* Presentation.framework in Embed Frameworks */,
			);
			name = "Embed Frameworks";
			runOnlyForDeploymentPostprocessing = 0;
		};
		46DD9810245F66F900B44A38 /* Embed Frameworks */ = {
			isa = PBXCopyFilesBuildPhase;
			buildActionMask = 2147483647;
			dstPath = "";
			dstSubfolderSpec = 10;
			files = (
				46DD980D245F66F900B44A38 /* Domain.framework in Embed Frameworks */,
			);
			name = "Embed Frameworks";
			runOnlyForDeploymentPostprocessing = 0;
		};
/* End PBXCopyFilesBuildPhase section */

/* Begin PBXFileReference section */
		4615CCE2245F6D6F0071A5FC /* EmailValidator.swift */ = {isa = PBXFileReference; lastKnownFileType = sourcecode.swift; path = EmailValidator.swift; sourceTree = "<group>"; };
		461B280E245D139B00ED32C1 /* AddAccount.swift */ = {isa = PBXFileReference; lastKnownFileType = sourcecode.swift; path = AddAccount.swift; sourceTree = "<group>"; };
		461B2810245D162700ED32C1 /* AccountModel.swift */ = {isa = PBXFileReference; lastKnownFileType = sourcecode.swift; path = AccountModel.swift; sourceTree = "<group>"; };
		461B2817245D1BD400ED32C1 /* Data.framework */ = {isa = PBXFileReference; explicitFileType = wrapper.framework; includeInIndex = 0; path = Data.framework; sourceTree = BUILT_PRODUCTS_DIR; };
		461B281A245D1BD400ED32C1 /* Info.plist */ = {isa = PBXFileReference; lastKnownFileType = text.plist.xml; path = Info.plist; sourceTree = "<group>"; };
		461B281F245D1BD400ED32C1 /* DataTests.xctest */ = {isa = PBXFileReference; explicitFileType = wrapper.cfbundle; includeInIndex = 0; path = DataTests.xctest; sourceTree = BUILT_PRODUCTS_DIR; };
		461B2824245D1BD400ED32C1 /* RemoteAddAccountTests.swift */ = {isa = PBXFileReference; lastKnownFileType = sourcecode.swift; path = RemoteAddAccountTests.swift; sourceTree = "<group>"; };
		461B2826245D1BD400ED32C1 /* Info.plist */ = {isa = PBXFileReference; lastKnownFileType = text.plist.xml; path = Info.plist; sourceTree = "<group>"; };
		4626DB27245FACEA00F4508F /* LoadingView.swift */ = {isa = PBXFileReference; lastKnownFileType = sourcecode.swift; path = LoadingView.swift; sourceTree = "<group>"; };
		46292005245E289E00C85316 /* Infra.framework */ = {isa = PBXFileReference; explicitFileType = wrapper.framework; includeInIndex = 0; path = Infra.framework; sourceTree = BUILT_PRODUCTS_DIR; };
		46292008245E289F00C85316 /* Info.plist */ = {isa = PBXFileReference; lastKnownFileType = text.plist.xml; path = Info.plist; sourceTree = "<group>"; };
		4629200D245E289F00C85316 /* InfraTests.xctest */ = {isa = PBXFileReference; explicitFileType = wrapper.cfbundle; includeInIndex = 0; path = InfraTests.xctest; sourceTree = BUILT_PRODUCTS_DIR; };
		46292012245E289F00C85316 /* AlamofireAdapterTests.swift */ = {isa = PBXFileReference; lastKnownFileType = sourcecode.swift; path = AlamofireAdapterTests.swift; sourceTree = "<group>"; };
		46292014245E289F00C85316 /* Info.plist */ = {isa = PBXFileReference; lastKnownFileType = text.plist.xml; path = Info.plist; sourceTree = "<group>"; };
		4659F2AC245DCDC300797A2F /* Model.swift */ = {isa = PBXFileReference; lastKnownFileType = sourcecode.swift; path = Model.swift; sourceTree = "<group>"; };
		4659F2AE245DCF2000797A2F /* RemoteAddAccount.swift */ = {isa = PBXFileReference; lastKnownFileType = sourcecode.swift; path = RemoteAddAccount.swift; sourceTree = "<group>"; };
		4659F2B2245DD09E00797A2F /* HttpPostClient.swift */ = {isa = PBXFileReference; lastKnownFileType = sourcecode.swift; path = HttpPostClient.swift; sourceTree = "<group>"; };
		4659F2BA245DDC1600797A2F /* DomainError.swift */ = {isa = PBXFileReference; lastKnownFileType = sourcecode.swift; path = DomainError.swift; sourceTree = "<group>"; };
		4659F2BC245DE0A200797A2F /* HttpError.swift */ = {isa = PBXFileReference; lastKnownFileType = sourcecode.swift; path = HttpError.swift; sourceTree = "<group>"; };
		4659F2BF245DFDAC00797A2F /* ExtensionHelpers.swift */ = {isa = PBXFileReference; lastKnownFileType = sourcecode.swift; path = ExtensionHelpers.swift; sourceTree = "<group>"; };
		4659F2C2245E137600797A2F /* TestExtensions.swift */ = {isa = PBXFileReference; lastKnownFileType = sourcecode.swift; path = TestExtensions.swift; sourceTree = "<group>"; };
		4659F2C4245E145B00797A2F /* TestFactories.swift */ = {isa = PBXFileReference; lastKnownFileType = sourcecode.swift; path = TestFactories.swift; sourceTree = "<group>"; };
		4659F2C7245E153800797A2F /* HttpClientSpy.swift */ = {isa = PBXFileReference; lastKnownFileType = sourcecode.swift; path = HttpClientSpy.swift; sourceTree = "<group>"; };
		4659F2C9245E15BD00797A2F /* AccountModelFactory.swift */ = {isa = PBXFileReference; lastKnownFileType = sourcecode.swift; path = AccountModelFactory.swift; sourceTree = "<group>"; };
		466F6928245F4D7500075A93 /* UseCasesIntegrationTests.xctest */ = {isa = PBXFileReference; explicitFileType = wrapper.cfbundle; includeInIndex = 0; path = UseCasesIntegrationTests.xctest; sourceTree = BUILT_PRODUCTS_DIR; };
		466F692C245F4D7500075A93 /* Info.plist */ = {isa = PBXFileReference; lastKnownFileType = text.plist.xml; path = Info.plist; sourceTree = "<group>"; };
		466F6937245F4E9200075A93 /* AddAccountIntegrationTests.swift */ = {isa = PBXFileReference; lastKnownFileType = sourcecode.swift; path = AddAccountIntegrationTests.swift; sourceTree = "<group>"; };
		466F693E245F54F200075A93 /* Presentation.framework */ = {isa = PBXFileReference; explicitFileType = wrapper.framework; includeInIndex = 0; path = Presentation.framework; sourceTree = BUILT_PRODUCTS_DIR; };
		466F6941245F54F200075A93 /* Info.plist */ = {isa = PBXFileReference; lastKnownFileType = text.plist.xml; path = Info.plist; sourceTree = "<group>"; };
		466F6946245F54F200075A93 /* PresentationTests.xctest */ = {isa = PBXFileReference; explicitFileType = wrapper.cfbundle; includeInIndex = 0; path = PresentationTests.xctest; sourceTree = BUILT_PRODUCTS_DIR; };
		466F694B245F54F200075A93 /* SignUpPresenterTests.swift */ = {isa = PBXFileReference; lastKnownFileType = sourcecode.swift; path = SignUpPresenterTests.swift; sourceTree = "<group>"; };
		466F694D245F54F200075A93 /* Info.plist */ = {isa = PBXFileReference; lastKnownFileType = text.plist.xml; path = Info.plist; sourceTree = "<group>"; };
		46938E71245D10F400F6F599 /* Domain.framework */ = {isa = PBXFileReference; explicitFileType = wrapper.framework; includeInIndex = 0; path = Domain.framework; sourceTree = BUILT_PRODUCTS_DIR; };
		46938E74245D10F400F6F599 /* Info.plist */ = {isa = PBXFileReference; lastKnownFileType = text.plist.xml; path = Info.plist; sourceTree = "<group>"; };
		46BF0692246643B6006C64EA /* SignUp.storyboard */ = {isa = PBXFileReference; lastKnownFileType = file.storyboard; path = SignUp.storyboard; sourceTree = "<group>"; };
		46CD5B832461065500DBFC15 /* AlertViewSpy.swift */ = {isa = PBXFileReference; lastKnownFileType = sourcecode.swift; path = AlertViewSpy.swift; sourceTree = "<group>"; };
		46CD5B86246106C800DBFC15 /* EmailValidatorSpy.swift */ = {isa = PBXFileReference; lastKnownFileType = sourcecode.swift; path = EmailValidatorSpy.swift; sourceTree = "<group>"; };
		46CD5B892461073E00DBFC15 /* AddAccountSpy.swift */ = {isa = PBXFileReference; lastKnownFileType = sourcecode.swift; path = AddAccountSpy.swift; sourceTree = "<group>"; };
		46CD5B8B246107E100DBFC15 /* LoadingViewSpy.swift */ = {isa = PBXFileReference; lastKnownFileType = sourcecode.swift; path = LoadingViewSpy.swift; sourceTree = "<group>"; };
		46CD5B8F246108B300DBFC15 /* TestFactories.swift */ = {isa = PBXFileReference; lastKnownFileType = sourcecode.swift; path = TestFactories.swift; sourceTree = "<group>"; };
		46CD5B9624610C0200DBFC15 /* UI.framework */ = {isa = PBXFileReference; explicitFileType = wrapper.framework; includeInIndex = 0; path = UI.framework; sourceTree = BUILT_PRODUCTS_DIR; };
		46CD5B9924610C0200DBFC15 /* Info.plist */ = {isa = PBXFileReference; lastKnownFileType = text.plist.xml; path = Info.plist; sourceTree = "<group>"; };
		46CD5B9E24610C0300DBFC15 /* UITests.xctest */ = {isa = PBXFileReference; explicitFileType = wrapper.cfbundle; includeInIndex = 0; path = UITests.xctest; sourceTree = BUILT_PRODUCTS_DIR; };
		46CD5BA324610C0300DBFC15 /* SignUpViewControllerTests.swift */ = {isa = PBXFileReference; lastKnownFileType = sourcecode.swift; path = SignUpViewControllerTests.swift; sourceTree = "<group>"; };
		46CD5BA524610C0300DBFC15 /* Info.plist */ = {isa = PBXFileReference; lastKnownFileType = text.plist.xml; path = Info.plist; sourceTree = "<group>"; };
		46CD5BAD2461120700DBFC15 /* SignUpViewController.swift */ = {isa = PBXFileReference; lastKnownFileType = sourcecode.swift; path = SignUpViewController.swift; sourceTree = "<group>"; };
		46DC7105245F2331005C2442 /* AlamofireAdapter.swift */ = {isa = PBXFileReference; lastKnownFileType = sourcecode.swift; path = AlamofireAdapter.swift; sourceTree = "<group>"; };
		46DD980A245F66BB00B44A38 /* SignUpPresenter.swift */ = {isa = PBXFileReference; lastKnownFileType = sourcecode.swift; path = SignUpPresenter.swift; sourceTree = "<group>"; };
		46DD9812245F67B900B44A38 /* AlertView.swift */ = {isa = PBXFileReference; lastKnownFileType = sourcecode.swift; path = AlertView.swift; sourceTree = "<group>"; };
		46E79E482460F8BF006745DF /* SignUpViewModel.swift */ = {isa = PBXFileReference; lastKnownFileType = sourcecode.swift; path = SignUpViewModel.swift; sourceTree = "<group>"; };
		46E79E4A2460F959006745DF /* SignUpMapper.swift */ = {isa = PBXFileReference; lastKnownFileType = sourcecode.swift; path = SignUpMapper.swift; sourceTree = "<group>"; };
		46EC26C6245F277900E1155D /* UrlProtocolStub.swift */ = {isa = PBXFileReference; lastKnownFileType = sourcecode.swift; path = UrlProtocolStub.swift; sourceTree = "<group>"; };
/* End PBXFileReference section */

/* Begin PBXFrameworksBuildPhase section */
		461B2814245D1BD400ED32C1 /* Frameworks */ = {
			isa = PBXFrameworksBuildPhase;
			buildActionMask = 2147483647;
			files = (
				461B282F245D1C2A00ED32C1 /* Domain.framework in Frameworks */,
			);
			runOnlyForDeploymentPostprocessing = 0;
		};
		461B281C245D1BD400ED32C1 /* Frameworks */ = {
			isa = PBXFrameworksBuildPhase;
			buildActionMask = 2147483647;
			files = (
				461B2820245D1BD400ED32C1 /* Data.framework in Frameworks */,
			);
			runOnlyForDeploymentPostprocessing = 0;
		};
		46292002245E289E00C85316 /* Frameworks */ = {
			isa = PBXFrameworksBuildPhase;
			buildActionMask = 2147483647;
			files = (
				4629201C245E2B1F00C85316 /* Data.framework in Frameworks */,
				46292025245E2D1500C85316 /* Alamofire in Frameworks */,
			);
			runOnlyForDeploymentPostprocessing = 0;
		};
		4629200A245E289F00C85316 /* Frameworks */ = {
			isa = PBXFrameworksBuildPhase;
			buildActionMask = 2147483647;
			files = (
				4629200E245E289F00C85316 /* Infra.framework in Frameworks */,
			);
			runOnlyForDeploymentPostprocessing = 0;
		};
		466F6925245F4D7500075A93 /* Frameworks */ = {
			isa = PBXFrameworksBuildPhase;
			buildActionMask = 2147483647;
			files = (
				466F692D245F4D7500075A93 /* Domain.framework in Frameworks */,
			);
			runOnlyForDeploymentPostprocessing = 0;
		};
		466F693B245F54F200075A93 /* Frameworks */ = {
			isa = PBXFrameworksBuildPhase;
			buildActionMask = 2147483647;
			files = (
				46DD980C245F66F900B44A38 /* Domain.framework in Frameworks */,
			);
			runOnlyForDeploymentPostprocessing = 0;
		};
		466F6943245F54F200075A93 /* Frameworks */ = {
			isa = PBXFrameworksBuildPhase;
			buildActionMask = 2147483647;
			files = (
				466F6947245F54F200075A93 /* Presentation.framework in Frameworks */,
			);
			runOnlyForDeploymentPostprocessing = 0;
		};
		46938E6E245D10F400F6F599 /* Frameworks */ = {
			isa = PBXFrameworksBuildPhase;
			buildActionMask = 2147483647;
			files = (
			);
			runOnlyForDeploymentPostprocessing = 0;
		};
		46CD5B9324610C0200DBFC15 /* Frameworks */ = {
			isa = PBXFrameworksBuildPhase;
			buildActionMask = 2147483647;
			files = (
				46BF068D246641CA006C64EA /* Presentation.framework in Frameworks */,
			);
			runOnlyForDeploymentPostprocessing = 0;
		};
		46CD5B9B24610C0300DBFC15 /* Frameworks */ = {
			isa = PBXFrameworksBuildPhase;
			buildActionMask = 2147483647;
			files = (
				46CD5B9F24610C0300DBFC15 /* UI.framework in Frameworks */,
			);
			runOnlyForDeploymentPostprocessing = 0;
		};
/* End PBXFrameworksBuildPhase section */

/* Begin PBXGroup section */
		4615CCE1245F6D440071A5FC /* Validators */ = {
			isa = PBXGroup;
			children = (
				4615CCE2245F6D6F0071A5FC /* EmailValidator.swift */,
			);
			path = Validators;
			sourceTree = "<group>";
		};
		461B2818245D1BD400ED32C1 /* Data */ = {
			isa = PBXGroup;
			children = (
				4659F2BE245DFD7A00797A2F /* Helpers */,
				4659F2B6245DD1F800797A2F /* UseCases */,
				4659F2B7245DD21200797A2F /* Http */,
				461B281A245D1BD400ED32C1 /* Info.plist */,
			);
			path = Data;
			sourceTree = "<group>";
		};
		461B2823245D1BD400ED32C1 /* DataTests */ = {
			isa = PBXGroup;
			children = (
				4659F2C1245E131A00797A2F /* Helpers */,
				4659F2B8245DD23000797A2F /* UseCases */,
				4659F2C6245E14EF00797A2F /* Http */,
				461B2826245D1BD400ED32C1 /* Info.plist */,
			);
			path = DataTests;
			sourceTree = "<group>";
		};
		461B282E245D1C2A00ED32C1 /* Frameworks */ = {
			isa = PBXGroup;
			children = (
			);
			name = Frameworks;
			sourceTree = "<group>";
		};
		46292006245E289F00C85316 /* Infra */ = {
			isa = PBXGroup;
			children = (
				46DC7107245F2431005C2442 /* Http */,
				46292008245E289F00C85316 /* Info.plist */,
			);
			path = Infra;
			sourceTree = "<group>";
		};
		46292011245E289F00C85316 /* InfraTests */ = {
			isa = PBXGroup;
			children = (
				46EC26C5245F274D00E1155D /* Http */,
				46292014245E289F00C85316 /* Info.plist */,
			);
			path = InfraTests;
			sourceTree = "<group>";
		};
		4659F2B4245DD16F00797A2F /* UseCases */ = {
			isa = PBXGroup;
			children = (
				461B280E245D139B00ED32C1 /* AddAccount.swift */,
			);
			path = UseCases;
			sourceTree = "<group>";
		};
		4659F2B5245DD1D900797A2F /* Models */ = {
			isa = PBXGroup;
			children = (
				461B2810245D162700ED32C1 /* AccountModel.swift */,
				4659F2AC245DCDC300797A2F /* Model.swift */,
			);
			path = Models;
			sourceTree = "<group>";
		};
		4659F2B6245DD1F800797A2F /* UseCases */ = {
			isa = PBXGroup;
			children = (
				4659F2AE245DCF2000797A2F /* RemoteAddAccount.swift */,
			);
			path = UseCases;
			sourceTree = "<group>";
		};
		4659F2B7245DD21200797A2F /* Http */ = {
			isa = PBXGroup;
			children = (
				4659F2B2245DD09E00797A2F /* HttpPostClient.swift */,
				4659F2BC245DE0A200797A2F /* HttpError.swift */,
			);
			path = Http;
			sourceTree = "<group>";
		};
		4659F2B8245DD23000797A2F /* UseCases */ = {
			isa = PBXGroup;
			children = (
				461B2824245D1BD400ED32C1 /* RemoteAddAccountTests.swift */,
			);
			path = UseCases;
			sourceTree = "<group>";
		};
		4659F2B9245DDBFE00797A2F /* Erros */ = {
			isa = PBXGroup;
			children = (
				4659F2BA245DDC1600797A2F /* DomainError.swift */,
			);
			path = Erros;
			sourceTree = "<group>";
		};
		4659F2BE245DFD7A00797A2F /* Helpers */ = {
			isa = PBXGroup;
			children = (
				4659F2BF245DFDAC00797A2F /* ExtensionHelpers.swift */,
			);
			path = Helpers;
			sourceTree = "<group>";
		};
		4659F2C1245E131A00797A2F /* Helpers */ = {
			isa = PBXGroup;
			children = (
				4659F2C2245E137600797A2F /* TestExtensions.swift */,
				4659F2C4245E145B00797A2F /* TestFactories.swift */,
				4659F2C9245E15BD00797A2F /* AccountModelFactory.swift */,
			);
			path = Helpers;
			sourceTree = "<group>";
		};
		4659F2C6245E14EF00797A2F /* Http */ = {
			isa = PBXGroup;
			children = (
				4659F2C7245E153800797A2F /* HttpClientSpy.swift */,
			);
			path = Http;
			sourceTree = "<group>";
		};
		466F6929245F4D7500075A93 /* UseCasesIntegrationTests */ = {
			isa = PBXGroup;
			children = (
				466F6937245F4E9200075A93 /* AddAccountIntegrationTests.swift */,
				466F692C245F4D7500075A93 /* Info.plist */,
			);
			path = UseCasesIntegrationTests;
			sourceTree = "<group>";
		};
		466F693F245F54F200075A93 /* Presentation */ = {
			isa = PBXGroup;
			children = (
				4615CCE1245F6D440071A5FC /* Validators */,
				46DD9811245F67A500B44A38 /* Views */,
				46DD9814245F67E400B44A38 /* Presenters */,
				466F6941245F54F200075A93 /* Info.plist */,
			);
			path = Presentation;
			sourceTree = "<group>";
		};
		466F694A245F54F200075A93 /* PresentationTests */ = {
			isa = PBXGroup;
			children = (
				46CD5B8D2461089700DBFC15 /* Helpers */,
				46CD5B882461072700DBFC15 /* UseCases */,
				46CD5B852461069800DBFC15 /* Validators */,
				46CD5B822461060700DBFC15 /* Views */,
				46DD9815245F692800B44A38 /* Presenters */,
				466F694D245F54F200075A93 /* Info.plist */,
			);
			path = PresentationTests;
			sourceTree = "<group>";
		};
		46938E57245D0FEC00F6F599 = {
			isa = PBXGroup;
			children = (
				46938E72245D10F400F6F599 /* Domain */,
				461B2818245D1BD400ED32C1 /* Data */,
				461B2823245D1BD400ED32C1 /* DataTests */,
				46292006245E289F00C85316 /* Infra */,
				46292011245E289F00C85316 /* InfraTests */,
				466F6929245F4D7500075A93 /* UseCasesIntegrationTests */,
				466F693F245F54F200075A93 /* Presentation */,
				466F694A245F54F200075A93 /* PresentationTests */,
				46CD5B9724610C0200DBFC15 /* UI */,
				46CD5BA224610C0300DBFC15 /* UITests */,
				46938E62245D0FED00F6F599 /* Products */,
				461B282E245D1C2A00ED32C1 /* Frameworks */,
			);
			sourceTree = "<group>";
		};
		46938E62245D0FED00F6F599 /* Products */ = {
			isa = PBXGroup;
			children = (
				46938E71245D10F400F6F599 /* Domain.framework */,
				461B2817245D1BD400ED32C1 /* Data.framework */,
				461B281F245D1BD400ED32C1 /* DataTests.xctest */,
				46292005245E289E00C85316 /* Infra.framework */,
				4629200D245E289F00C85316 /* InfraTests.xctest */,
				466F6928245F4D7500075A93 /* UseCasesIntegrationTests.xctest */,
				466F693E245F54F200075A93 /* Presentation.framework */,
				466F6946245F54F200075A93 /* PresentationTests.xctest */,
				46CD5B9624610C0200DBFC15 /* UI.framework */,
				46CD5B9E24610C0300DBFC15 /* UITests.xctest */,
			);
			name = Products;
			sourceTree = "<group>";
		};
		46938E72245D10F400F6F599 /* Domain */ = {
			isa = PBXGroup;
			children = (
				4659F2B4245DD16F00797A2F /* UseCases */,
				4659F2B5245DD1D900797A2F /* Models */,
				4659F2B9245DDBFE00797A2F /* Erros */,
				46938E74245D10F400F6F599 /* Info.plist */,
			);
			path = Domain;
			sourceTree = "<group>";
		};
		46CD5B822461060700DBFC15 /* Views */ = {
			isa = PBXGroup;
			children = (
				46CD5B832461065500DBFC15 /* AlertViewSpy.swift */,
				46CD5B8B246107E100DBFC15 /* LoadingViewSpy.swift */,
			);
			path = Views;
			sourceTree = "<group>";
		};
		46CD5B852461069800DBFC15 /* Validators */ = {
			isa = PBXGroup;
			children = (
				46CD5B86246106C800DBFC15 /* EmailValidatorSpy.swift */,
			);
			path = Validators;
			sourceTree = "<group>";
		};
		46CD5B882461072700DBFC15 /* UseCases */ = {
			isa = PBXGroup;
			children = (
				46CD5B892461073E00DBFC15 /* AddAccountSpy.swift */,
			);
			path = UseCases;
			sourceTree = "<group>";
		};
		46CD5B8D2461089700DBFC15 /* Helpers */ = {
			isa = PBXGroup;
			children = (
				46CD5B8F246108B300DBFC15 /* TestFactories.swift */,
			);
			path = Helpers;
			sourceTree = "<group>";
		};
		46CD5B9724610C0200DBFC15 /* UI */ = {
			isa = PBXGroup;
			children = (
				46CD5B9924610C0200DBFC15 /* Info.plist */,
				46CD5BAD2461120700DBFC15 /* SignUpViewController.swift */,
				46BF0692246643B6006C64EA /* SignUp.storyboard */,
			);
			path = UI;
			sourceTree = "<group>";
		};
		46CD5BA224610C0300DBFC15 /* UITests */ = {
			isa = PBXGroup;
			children = (
				46CD5BA324610C0300DBFC15 /* SignUpViewControllerTests.swift */,
				46CD5BA524610C0300DBFC15 /* Info.plist */,
			);
			path = UITests;
			sourceTree = "<group>";
		};
		46DC7107245F2431005C2442 /* Http */ = {
			isa = PBXGroup;
			children = (
				46DC7105245F2331005C2442 /* AlamofireAdapter.swift */,
			);
			path = Http;
			sourceTree = "<group>";
		};
		46DD9811245F67A500B44A38 /* Views */ = {
			isa = PBXGroup;
			children = (
				46DD9812245F67B900B44A38 /* AlertView.swift */,
				4626DB27245FACEA00F4508F /* LoadingView.swift */,
			);
			path = Views;
			sourceTree = "<group>";
		};
		46DD9814245F67E400B44A38 /* Presenters */ = {
			isa = PBXGroup;
			children = (
				46E79E472460F896006745DF /* SignUp */,
			);
			path = Presenters;
			sourceTree = "<group>";
		};
		46DD9815245F692800B44A38 /* Presenters */ = {
			isa = PBXGroup;
			children = (
				466F694B245F54F200075A93 /* SignUpPresenterTests.swift */,
			);
			path = Presenters;
			sourceTree = "<group>";
		};
		46E79E472460F896006745DF /* SignUp */ = {
			isa = PBXGroup;
			children = (
				46DD980A245F66BB00B44A38 /* SignUpPresenter.swift */,
				46E79E482460F8BF006745DF /* SignUpViewModel.swift */,
				46E79E4A2460F959006745DF /* SignUpMapper.swift */,
			);
			path = SignUp;
			sourceTree = "<group>";
		};
		46EC26C5245F274D00E1155D /* Http */ = {
			isa = PBXGroup;
			children = (
				46292012245E289F00C85316 /* AlamofireAdapterTests.swift */,
				46EC26C6245F277900E1155D /* UrlProtocolStub.swift */,
			);
			path = Http;
			sourceTree = "<group>";
		};
/* End PBXGroup section */

/* Begin PBXHeadersBuildPhase section */
		461B2812245D1BD400ED32C1 /* Headers */ = {
			isa = PBXHeadersBuildPhase;
			buildActionMask = 2147483647;
			files = (
			);
			runOnlyForDeploymentPostprocessing = 0;
		};
		46292000245E289E00C85316 /* Headers */ = {
			isa = PBXHeadersBuildPhase;
			buildActionMask = 2147483647;
			files = (
			);
			runOnlyForDeploymentPostprocessing = 0;
		};
		466F6939245F54F200075A93 /* Headers */ = {
			isa = PBXHeadersBuildPhase;
			buildActionMask = 2147483647;
			files = (
			);
			runOnlyForDeploymentPostprocessing = 0;
		};
		46938E6C245D10F400F6F599 /* Headers */ = {
			isa = PBXHeadersBuildPhase;
			buildActionMask = 2147483647;
			files = (
			);
			runOnlyForDeploymentPostprocessing = 0;
		};
		46CD5B9124610C0200DBFC15 /* Headers */ = {
			isa = PBXHeadersBuildPhase;
			buildActionMask = 2147483647;
			files = (
			);
			runOnlyForDeploymentPostprocessing = 0;
		};
/* End PBXHeadersBuildPhase section */

/* Begin PBXNativeTarget section */
		461B2816245D1BD400ED32C1 /* Data */ = {
			isa = PBXNativeTarget;
			buildConfigurationList = 461B2828245D1BD400ED32C1 /* Build configuration list for PBXNativeTarget "Data" */;
			buildPhases = (
				461B2812245D1BD400ED32C1 /* Headers */,
				461B2813245D1BD400ED32C1 /* Sources */,
				461B2814245D1BD400ED32C1 /* Frameworks */,
				461B2815245D1BD400ED32C1 /* Resources */,
				461B2833245D1C2B00ED32C1 /* Embed Frameworks */,
			);
			buildRules = (
			);
			dependencies = (
				461B2832245D1C2B00ED32C1 /* PBXTargetDependency */,
			);
			name = Data;
			productName = Data;
			productReference = 461B2817245D1BD400ED32C1 /* Data.framework */;
			productType = "com.apple.product-type.framework";
		};
		461B281E245D1BD400ED32C1 /* DataTests */ = {
			isa = PBXNativeTarget;
			buildConfigurationList = 461B282B245D1BD400ED32C1 /* Build configuration list for PBXNativeTarget "DataTests" */;
			buildPhases = (
				461B281B245D1BD400ED32C1 /* Sources */,
				461B281C245D1BD400ED32C1 /* Frameworks */,
				461B281D245D1BD400ED32C1 /* Resources */,
			);
			buildRules = (
			);
			dependencies = (
				461B2822245D1BD400ED32C1 /* PBXTargetDependency */,
			);
			name = DataTests;
			productName = DataTests;
			productReference = 461B281F245D1BD400ED32C1 /* DataTests.xctest */;
			productType = "com.apple.product-type.bundle.unit-test";
		};
		46292004245E289E00C85316 /* Infra */ = {
			isa = PBXNativeTarget;
			buildConfigurationList = 4629201A245E289F00C85316 /* Build configuration list for PBXNativeTarget "Infra" */;
			buildPhases = (
				46292000245E289E00C85316 /* Headers */,
				46292001245E289E00C85316 /* Sources */,
				46292002245E289E00C85316 /* Frameworks */,
				46292003245E289E00C85316 /* Resources */,
				46292020245E2B1F00C85316 /* Embed Frameworks */,
			);
			buildRules = (
			);
			dependencies = (
				4629201F245E2B1F00C85316 /* PBXTargetDependency */,
			);
			name = Infra;
			packageProductDependencies = (
				46292024245E2D1500C85316 /* Alamofire */,
			);
			productName = Infra;
			productReference = 46292005245E289E00C85316 /* Infra.framework */;
			productType = "com.apple.product-type.framework";
		};
		4629200C245E289F00C85316 /* InfraTests */ = {
			isa = PBXNativeTarget;
			buildConfigurationList = 4629201B245E289F00C85316 /* Build configuration list for PBXNativeTarget "InfraTests" */;
			buildPhases = (
				46292009245E289F00C85316 /* Sources */,
				4629200A245E289F00C85316 /* Frameworks */,
				4629200B245E289F00C85316 /* Resources */,
			);
			buildRules = (
			);
			dependencies = (
				46292010245E289F00C85316 /* PBXTargetDependency */,
			);
			name = InfraTests;
			productName = InfraTests;
			productReference = 4629200D245E289F00C85316 /* InfraTests.xctest */;
			productType = "com.apple.product-type.bundle.unit-test";
		};
		466F6927245F4D7500075A93 /* UseCasesIntegrationTests */ = {
			isa = PBXNativeTarget;
			buildConfigurationList = 466F6930245F4D7500075A93 /* Build configuration list for PBXNativeTarget "UseCasesIntegrationTests" */;
			buildPhases = (
				466F6924245F4D7500075A93 /* Sources */,
				466F6925245F4D7500075A93 /* Frameworks */,
				466F6926245F4D7500075A93 /* Resources */,
			);
			buildRules = (
			);
			dependencies = (
				466F6934245F4E0400075A93 /* PBXTargetDependency */,
				466F6936245F4E0400075A93 /* PBXTargetDependency */,
				466F692F245F4D7500075A93 /* PBXTargetDependency */,
			);
			name = UseCasesIntegrationTests;
			productName = UseCasesIntegrationTests;
			productReference = 466F6928245F4D7500075A93 /* UseCasesIntegrationTests.xctest */;
			productType = "com.apple.product-type.bundle.unit-test";
		};
		466F693D245F54F200075A93 /* Presentation */ = {
			isa = PBXNativeTarget;
			buildConfigurationList = 466F694F245F54F200075A93 /* Build configuration list for PBXNativeTarget "Presentation" */;
			buildPhases = (
				466F6939245F54F200075A93 /* Headers */,
				466F693A245F54F200075A93 /* Sources */,
				466F693B245F54F200075A93 /* Frameworks */,
				466F693C245F54F200075A93 /* Resources */,
				46DD9810245F66F900B44A38 /* Embed Frameworks */,
			);
			buildRules = (
			);
			dependencies = (
				46DD980F245F66F900B44A38 /* PBXTargetDependency */,
			);
			name = Presentation;
			productName = Presentation;
			productReference = 466F693E245F54F200075A93 /* Presentation.framework */;
			productType = "com.apple.product-type.framework";
		};
		466F6945245F54F200075A93 /* PresentationTests */ = {
			isa = PBXNativeTarget;
			buildConfigurationList = 466F6952245F54F200075A93 /* Build configuration list for PBXNativeTarget "PresentationTests" */;
			buildPhases = (
				466F6942245F54F200075A93 /* Sources */,
				466F6943245F54F200075A93 /* Frameworks */,
				466F6944245F54F200075A93 /* Resources */,
			);
			buildRules = (
			);
			dependencies = (
				466F6949245F54F200075A93 /* PBXTargetDependency */,
			);
			name = PresentationTests;
			productName = PresentationTests;
			productReference = 466F6946245F54F200075A93 /* PresentationTests.xctest */;
			productType = "com.apple.product-type.bundle.unit-test";
		};
		46938E70245D10F400F6F599 /* Domain */ = {
			isa = PBXNativeTarget;
			buildConfigurationList = 46938E76245D10F400F6F599 /* Build configuration list for PBXNativeTarget "Domain" */;
			buildPhases = (
				46938E6C245D10F400F6F599 /* Headers */,
				46938E6D245D10F400F6F599 /* Sources */,
				46938E6E245D10F400F6F599 /* Frameworks */,
				46938E6F245D10F400F6F599 /* Resources */,
			);
			buildRules = (
			);
			dependencies = (
			);
			name = Domain;
			productName = Domain;
			productReference = 46938E71245D10F400F6F599 /* Domain.framework */;
			productType = "com.apple.product-type.framework";
		};
		46CD5B9524610C0200DBFC15 /* UI */ = {
			isa = PBXNativeTarget;
			buildConfigurationList = 46CD5BA724610C0300DBFC15 /* Build configuration list for PBXNativeTarget "UI" */;
			buildPhases = (
				46CD5B9124610C0200DBFC15 /* Headers */,
				46CD5B9224610C0200DBFC15 /* Sources */,
				46CD5B9324610C0200DBFC15 /* Frameworks */,
				46CD5B9424610C0200DBFC15 /* Resources */,
				46BF0691246641CA006C64EA /* Embed Frameworks */,
			);
			buildRules = (
			);
			dependencies = (
				46BF0690246641CA006C64EA /* PBXTargetDependency */,
			);
			name = UI;
			productName = UI;
			productReference = 46CD5B9624610C0200DBFC15 /* UI.framework */;
			productType = "com.apple.product-type.framework";
		};
		46CD5B9D24610C0300DBFC15 /* UITests */ = {
			isa = PBXNativeTarget;
			buildConfigurationList = 46CD5BAA24610C0300DBFC15 /* Build configuration list for PBXNativeTarget "UITests" */;
			buildPhases = (
				46CD5B9A24610C0300DBFC15 /* Sources */,
				46CD5B9B24610C0300DBFC15 /* Frameworks */,
				46CD5B9C24610C0300DBFC15 /* Resources */,
			);
			buildRules = (
			);
			dependencies = (
				46CD5BA124610C0300DBFC15 /* PBXTargetDependency */,
			);
			name = UITests;
			productName = UITests;
			productReference = 46CD5B9E24610C0300DBFC15 /* UITests.xctest */;
			productType = "com.apple.product-type.bundle.unit-test";
		};
/* End PBXNativeTarget section */

/* Begin PBXProject section */
		46938E58245D0FEC00F6F599 /* Project object */ = {
			isa = PBXProject;
			attributes = {
				LastSwiftUpdateCheck = 1140;
				LastUpgradeCheck = 1140;
				ORGANIZATIONNAME = "Renan Rollo";
				TargetAttributes = {
					461B2816245D1BD400ED32C1 = {
						CreatedOnToolsVersion = 11.4.1;
						LastSwiftMigration = 1140;
					};
					461B281E245D1BD400ED32C1 = {
						CreatedOnToolsVersion = 11.4.1;
					};
					46292004245E289E00C85316 = {
						CreatedOnToolsVersion = 11.4.1;
						LastSwiftMigration = 1140;
					};
					4629200C245E289F00C85316 = {
						CreatedOnToolsVersion = 11.4.1;
					};
					466F6927245F4D7500075A93 = {
						CreatedOnToolsVersion = 11.4.1;
						LastSwiftMigration = 1140;
					};
					466F693D245F54F200075A93 = {
						CreatedOnToolsVersion = 11.4.1;
						LastSwiftMigration = 1140;
					};
					466F6945245F54F200075A93 = {
						CreatedOnToolsVersion = 11.4.1;
					};
					46938E70245D10F400F6F599 = {
						CreatedOnToolsVersion = 11.4.1;
						LastSwiftMigration = 1140;
					};
					46CD5B9524610C0200DBFC15 = {
						CreatedOnToolsVersion = 11.4.1;
						LastSwiftMigration = 1140;
					};
					46CD5B9D24610C0300DBFC15 = {
						CreatedOnToolsVersion = 11.4.1;
					};
				};
			};
			buildConfigurationList = 46938E5B245D0FEC00F6F599 /* Build configuration list for PBXProject "CleanApp" */;
			compatibilityVersion = "Xcode 9.3";
			developmentRegion = en;
			hasScannedForEncodings = 0;
			knownRegions = (
				en,
				Base,
			);
			mainGroup = 46938E57245D0FEC00F6F599;
			packageReferences = (
				46292023245E2D1400C85316 /* XCRemoteSwiftPackageReference "Alamofire" */,
			);
			productRefGroup = 46938E62245D0FED00F6F599 /* Products */;
			projectDirPath = "";
			projectRoot = "";
			targets = (
				46938E70245D10F400F6F599 /* Domain */,
				461B2816245D1BD400ED32C1 /* Data */,
				461B281E245D1BD400ED32C1 /* DataTests */,
				46292004245E289E00C85316 /* Infra */,
				4629200C245E289F00C85316 /* InfraTests */,
				466F6927245F4D7500075A93 /* UseCasesIntegrationTests */,
				466F693D245F54F200075A93 /* Presentation */,
				466F6945245F54F200075A93 /* PresentationTests */,
				46CD5B9524610C0200DBFC15 /* UI */,
				46CD5B9D24610C0300DBFC15 /* UITests */,
			);
		};
/* End PBXProject section */

/* Begin PBXResourcesBuildPhase section */
		461B2815245D1BD400ED32C1 /* Resources */ = {
			isa = PBXResourcesBuildPhase;
			buildActionMask = 2147483647;
			files = (
			);
			runOnlyForDeploymentPostprocessing = 0;
		};
		461B281D245D1BD400ED32C1 /* Resources */ = {
			isa = PBXResourcesBuildPhase;
			buildActionMask = 2147483647;
			files = (
			);
			runOnlyForDeploymentPostprocessing = 0;
		};
		46292003245E289E00C85316 /* Resources */ = {
			isa = PBXResourcesBuildPhase;
			buildActionMask = 2147483647;
			files = (
			);
			runOnlyForDeploymentPostprocessing = 0;
		};
		4629200B245E289F00C85316 /* Resources */ = {
			isa = PBXResourcesBuildPhase;
			buildActionMask = 2147483647;
			files = (
			);
			runOnlyForDeploymentPostprocessing = 0;
		};
		466F6926245F4D7500075A93 /* Resources */ = {
			isa = PBXResourcesBuildPhase;
			buildActionMask = 2147483647;
			files = (
			);
			runOnlyForDeploymentPostprocessing = 0;
		};
		466F693C245F54F200075A93 /* Resources */ = {
			isa = PBXResourcesBuildPhase;
			buildActionMask = 2147483647;
			files = (
			);
			runOnlyForDeploymentPostprocessing = 0;
		};
		466F6944245F54F200075A93 /* Resources */ = {
			isa = PBXResourcesBuildPhase;
			buildActionMask = 2147483647;
			files = (
			);
			runOnlyForDeploymentPostprocessing = 0;
		};
		46938E6F245D10F400F6F599 /* Resources */ = {
			isa = PBXResourcesBuildPhase;
			buildActionMask = 2147483647;
			files = (
			);
			runOnlyForDeploymentPostprocessing = 0;
		};
		46CD5B9424610C0200DBFC15 /* Resources */ = {
			isa = PBXResourcesBuildPhase;
			buildActionMask = 2147483647;
			files = (
				46BF0693246643B6006C64EA /* SignUp.storyboard in Resources */,
			);
			runOnlyForDeploymentPostprocessing = 0;
		};
		46CD5B9C24610C0300DBFC15 /* Resources */ = {
			isa = PBXResourcesBuildPhase;
			buildActionMask = 2147483647;
			files = (
			);
			runOnlyForDeploymentPostprocessing = 0;
		};
/* End PBXResourcesBuildPhase section */

/* Begin PBXSourcesBuildPhase section */
		461B2813245D1BD400ED32C1 /* Sources */ = {
			isa = PBXSourcesBuildPhase;
			buildActionMask = 2147483647;
			files = (
				4659F2B3245DD09E00797A2F /* HttpPostClient.swift in Sources */,
				4659F2C0245DFDAC00797A2F /* ExtensionHelpers.swift in Sources */,
				4659F2BD245DE0A200797A2F /* HttpError.swift in Sources */,
				4659F2AF245DCF2000797A2F /* RemoteAddAccount.swift in Sources */,
			);
			runOnlyForDeploymentPostprocessing = 0;
		};
		461B281B245D1BD400ED32C1 /* Sources */ = {
			isa = PBXSourcesBuildPhase;
			buildActionMask = 2147483647;
			files = (
				4659F2C5245E145B00797A2F /* TestFactories.swift in Sources */,
				4659F2C8245E153800797A2F /* HttpClientSpy.swift in Sources */,
				461B2825245D1BD400ED32C1 /* RemoteAddAccountTests.swift in Sources */,
				4659F2CA245E15BD00797A2F /* AccountModelFactory.swift in Sources */,
				4659F2C3245E137600797A2F /* TestExtensions.swift in Sources */,
			);
			runOnlyForDeploymentPostprocessing = 0;
		};
		46292001245E289E00C85316 /* Sources */ = {
			isa = PBXSourcesBuildPhase;
			buildActionMask = 2147483647;
			files = (
				46DC7106245F2331005C2442 /* AlamofireAdapter.swift in Sources */,
			);
			runOnlyForDeploymentPostprocessing = 0;
		};
		46292009245E289F00C85316 /* Sources */ = {
			isa = PBXSourcesBuildPhase;
			buildActionMask = 2147483647;
			files = (
				46292022245E2B7800C85316 /* TestFactories.swift in Sources */,
				46292013245E289F00C85316 /* AlamofireAdapterTests.swift in Sources */,
				46292021245E2B6A00C85316 /* TestExtensions.swift in Sources */,
				46EC26C7245F277900E1155D /* UrlProtocolStub.swift in Sources */,
			);
			runOnlyForDeploymentPostprocessing = 0;
		};
		466F6924245F4D7500075A93 /* Sources */ = {
			isa = PBXSourcesBuildPhase;
			buildActionMask = 2147483647;
			files = (
				466F6938245F4E9200075A93 /* AddAccountIntegrationTests.swift in Sources */,
			);
			runOnlyForDeploymentPostprocessing = 0;
		};
		466F693A245F54F200075A93 /* Sources */ = {
			isa = PBXSourcesBuildPhase;
			buildActionMask = 2147483647;
			files = (
				46E79E4B2460F959006745DF /* SignUpMapper.swift in Sources */,
				46DD980B245F66BB00B44A38 /* SignUpPresenter.swift in Sources */,
				4626DB28245FACEA00F4508F /* LoadingView.swift in Sources */,
				46E79E492460F8BF006745DF /* SignUpViewModel.swift in Sources */,
				46DD9813245F67B900B44A38 /* AlertView.swift in Sources */,
				4615CCE3245F6D6F0071A5FC /* EmailValidator.swift in Sources */,
			);
			runOnlyForDeploymentPostprocessing = 0;
		};
		466F6942245F54F200075A93 /* Sources */ = {
			isa = PBXSourcesBuildPhase;
			buildActionMask = 2147483647;
			files = (
				46CD5B8C246107E100DBFC15 /* LoadingViewSpy.swift in Sources */,
				46CD5B8A2461073E00DBFC15 /* AddAccountSpy.swift in Sources */,
				46CD5B842461065500DBFC15 /* AlertViewSpy.swift in Sources */,
				46E4C070245F958200C83FB6 /* AccountModelFactory.swift in Sources */,
				46CD5B87246106C800DBFC15 /* EmailValidatorSpy.swift in Sources */,
				4626DB26245FA9EA00F4508F /* TestExtensions.swift in Sources */,
				46CD5B90246108B300DBFC15 /* TestFactories.swift in Sources */,
				466F694C245F54F200075A93 /* SignUpPresenterTests.swift in Sources */,
			);
			runOnlyForDeploymentPostprocessing = 0;
		};
		46938E6D245D10F400F6F599 /* Sources */ = {
			isa = PBXSourcesBuildPhase;
			buildActionMask = 2147483647;
			files = (
				4659F2AD245DCDC300797A2F /* Model.swift in Sources */,
				461B280F245D139B00ED32C1 /* AddAccount.swift in Sources */,
				4659F2BB245DDC1600797A2F /* DomainError.swift in Sources */,
				461B2811245D162700ED32C1 /* AccountModel.swift in Sources */,
			);
			runOnlyForDeploymentPostprocessing = 0;
		};
		46CD5B9224610C0200DBFC15 /* Sources */ = {
			isa = PBXSourcesBuildPhase;
			buildActionMask = 2147483647;
			files = (
				46CD5BAE2461120700DBFC15 /* SignUpViewController.swift in Sources */,
			);
			runOnlyForDeploymentPostprocessing = 0;
		};
		46CD5B9A24610C0300DBFC15 /* Sources */ = {
			isa = PBXSourcesBuildPhase;
			buildActionMask = 2147483647;
			files = (
				46CD5BA424610C0300DBFC15 /* SignUpViewControllerTests.swift in Sources */,
			);
			runOnlyForDeploymentPostprocessing = 0;
		};
/* End PBXSourcesBuildPhase section */

/* Begin PBXTargetDependency section */
		461B2822245D1BD400ED32C1 /* PBXTargetDependency */ = {
			isa = PBXTargetDependency;
			target = 461B2816245D1BD400ED32C1 /* Data */;
			targetProxy = 461B2821245D1BD400ED32C1 /* PBXContainerItemProxy */;
		};
		461B2832245D1C2B00ED32C1 /* PBXTargetDependency */ = {
			isa = PBXTargetDependency;
			target = 46938E70245D10F400F6F599 /* Domain */;
			targetProxy = 461B2831245D1C2B00ED32C1 /* PBXContainerItemProxy */;
		};
		46292010245E289F00C85316 /* PBXTargetDependency */ = {
			isa = PBXTargetDependency;
			target = 46292004245E289E00C85316 /* Infra */;
			targetProxy = 4629200F245E289F00C85316 /* PBXContainerItemProxy */;
		};
		4629201F245E2B1F00C85316 /* PBXTargetDependency */ = {
			isa = PBXTargetDependency;
			target = 461B2816245D1BD400ED32C1 /* Data */;
			targetProxy = 4629201E245E2B1F00C85316 /* PBXContainerItemProxy */;
		};
		466F692F245F4D7500075A93 /* PBXTargetDependency */ = {
			isa = PBXTargetDependency;
			target = 46938E70245D10F400F6F599 /* Domain */;
			targetProxy = 466F692E245F4D7500075A93 /* PBXContainerItemProxy */;
		};
		466F6934245F4E0400075A93 /* PBXTargetDependency */ = {
			isa = PBXTargetDependency;
			target = 461B2816245D1BD400ED32C1 /* Data */;
			targetProxy = 466F6933245F4E0400075A93 /* PBXContainerItemProxy */;
		};
		466F6936245F4E0400075A93 /* PBXTargetDependency */ = {
			isa = PBXTargetDependency;
			target = 46292004245E289E00C85316 /* Infra */;
			targetProxy = 466F6935245F4E0400075A93 /* PBXContainerItemProxy */;
		};
		466F6949245F54F200075A93 /* PBXTargetDependency */ = {
			isa = PBXTargetDependency;
			target = 466F693D245F54F200075A93 /* Presentation */;
			targetProxy = 466F6948245F54F200075A93 /* PBXContainerItemProxy */;
		};
		46BF0690246641CA006C64EA /* PBXTargetDependency */ = {
			isa = PBXTargetDependency;
			target = 466F693D245F54F200075A93 /* Presentation */;
			targetProxy = 46BF068F246641CA006C64EA /* PBXContainerItemProxy */;
		};
		46CD5BA124610C0300DBFC15 /* PBXTargetDependency */ = {
			isa = PBXTargetDependency;
			target = 46CD5B9524610C0200DBFC15 /* UI */;
			targetProxy = 46CD5BA024610C0300DBFC15 /* PBXContainerItemProxy */;
		};
		46DD980F245F66F900B44A38 /* PBXTargetDependency */ = {
			isa = PBXTargetDependency;
			target = 46938E70245D10F400F6F599 /* Domain */;
			targetProxy = 46DD980E245F66F900B44A38 /* PBXContainerItemProxy */;
		};
/* End PBXTargetDependency section */

/* Begin XCBuildConfiguration section */
		461B2829245D1BD400ED32C1 /* Debug */ = {
			isa = XCBuildConfiguration;
			buildSettings = {
				CLANG_ENABLE_MODULES = YES;
				CODE_SIGN_STYLE = Automatic;
				COMBINE_HIDPI_IMAGES = YES;
				DEFINES_MODULE = YES;
				DEVELOPMENT_TEAM = QU32S9PHWL;
				DYLIB_COMPATIBILITY_VERSION = 1;
				DYLIB_CURRENT_VERSION = 1;
				DYLIB_INSTALL_NAME_BASE = "@rpath";
				INFOPLIST_FILE = Data/Info.plist;
				INSTALL_PATH = "$(LOCAL_LIBRARY_DIR)/Frameworks";
				LD_RUNPATH_SEARCH_PATHS = (
					"$(inherited)",
					"@executable_path/../Frameworks",
					"@loader_path/Frameworks",
				);
				MACOSX_DEPLOYMENT_TARGET = 10.15;
				PRODUCT_BUNDLE_IDENTIFIER = MacBook.Data;
				PRODUCT_NAME = "$(TARGET_NAME:c99extidentifier)";
				SDKROOT = macosx;
				SKIP_INSTALL = YES;
				SUPPORTED_PLATFORMS = "macosx iphonesimulator iphoneos";
				SWIFT_OPTIMIZATION_LEVEL = "-Onone";
				SWIFT_VERSION = 5.0;
			};
			name = Debug;
		};
		461B282A245D1BD400ED32C1 /* Release */ = {
			isa = XCBuildConfiguration;
			buildSettings = {
				CLANG_ENABLE_MODULES = YES;
				CODE_SIGN_STYLE = Automatic;
				COMBINE_HIDPI_IMAGES = YES;
				DEFINES_MODULE = YES;
				DEVELOPMENT_TEAM = QU32S9PHWL;
				DYLIB_COMPATIBILITY_VERSION = 1;
				DYLIB_CURRENT_VERSION = 1;
				DYLIB_INSTALL_NAME_BASE = "@rpath";
				INFOPLIST_FILE = Data/Info.plist;
				INSTALL_PATH = "$(LOCAL_LIBRARY_DIR)/Frameworks";
				LD_RUNPATH_SEARCH_PATHS = (
					"$(inherited)",
					"@executable_path/../Frameworks",
					"@loader_path/Frameworks",
				);
				MACOSX_DEPLOYMENT_TARGET = 10.15;
				PRODUCT_BUNDLE_IDENTIFIER = MacBook.Data;
				PRODUCT_NAME = "$(TARGET_NAME:c99extidentifier)";
				SDKROOT = macosx;
				SKIP_INSTALL = YES;
				SUPPORTED_PLATFORMS = "macosx iphonesimulator iphoneos";
				SWIFT_VERSION = 5.0;
			};
			name = Release;
		};
		461B282C245D1BD400ED32C1 /* Debug */ = {
			isa = XCBuildConfiguration;
			buildSettings = {
				ALWAYS_EMBED_SWIFT_STANDARD_LIBRARIES = YES;
				CODE_SIGN_STYLE = Automatic;
				COMBINE_HIDPI_IMAGES = YES;
				DEVELOPMENT_TEAM = QU32S9PHWL;
				INFOPLIST_FILE = DataTests/Info.plist;
				LD_RUNPATH_SEARCH_PATHS = (
					"$(inherited)",
					"@executable_path/../Frameworks",
					"@loader_path/../Frameworks",
				);
				MACOSX_DEPLOYMENT_TARGET = 10.15;
				PRODUCT_BUNDLE_IDENTIFIER = MacBook.DataTests;
				PRODUCT_NAME = "$(TARGET_NAME)";
				SDKROOT = macosx;
				SUPPORTED_PLATFORMS = "macosx iphonesimulator iphoneos";
				SWIFT_VERSION = 5.0;
			};
			name = Debug;
		};
		461B282D245D1BD400ED32C1 /* Release */ = {
			isa = XCBuildConfiguration;
			buildSettings = {
				ALWAYS_EMBED_SWIFT_STANDARD_LIBRARIES = YES;
				CODE_SIGN_STYLE = Automatic;
				COMBINE_HIDPI_IMAGES = YES;
				DEVELOPMENT_TEAM = QU32S9PHWL;
				INFOPLIST_FILE = DataTests/Info.plist;
				LD_RUNPATH_SEARCH_PATHS = (
					"$(inherited)",
					"@executable_path/../Frameworks",
					"@loader_path/../Frameworks",
				);
				MACOSX_DEPLOYMENT_TARGET = 10.15;
				PRODUCT_BUNDLE_IDENTIFIER = MacBook.DataTests;
				PRODUCT_NAME = "$(TARGET_NAME)";
				SDKROOT = macosx;
				SUPPORTED_PLATFORMS = "macosx iphonesimulator iphoneos";
				SWIFT_VERSION = 5.0;
			};
			name = Release;
		};
		46292016245E289F00C85316 /* Debug */ = {
			isa = XCBuildConfiguration;
			buildSettings = {
				CLANG_ENABLE_MODULES = YES;
				CODE_SIGN_STYLE = Automatic;
				COMBINE_HIDPI_IMAGES = YES;
				DEFINES_MODULE = YES;
				DEVELOPMENT_TEAM = QU32S9PHWL;
				DYLIB_COMPATIBILITY_VERSION = 1;
				DYLIB_CURRENT_VERSION = 1;
				DYLIB_INSTALL_NAME_BASE = "@rpath";
				INFOPLIST_FILE = Infra/Info.plist;
				INSTALL_PATH = "$(LOCAL_LIBRARY_DIR)/Frameworks";
				LD_RUNPATH_SEARCH_PATHS = (
					"$(inherited)",
					"@executable_path/../Frameworks",
					"@loader_path/Frameworks",
				);
				MACOSX_DEPLOYMENT_TARGET = 10.15;
				PRODUCT_BUNDLE_IDENTIFIER = MacBook.Infra;
				PRODUCT_NAME = "$(TARGET_NAME:c99extidentifier)";
				SDKROOT = macosx;
				SKIP_INSTALL = YES;
				SUPPORTED_PLATFORMS = "macosx iphonesimulator iphoneos";
				SWIFT_OPTIMIZATION_LEVEL = "-Onone";
				SWIFT_VERSION = 5.0;
			};
			name = Debug;
		};
		46292017245E289F00C85316 /* Release */ = {
			isa = XCBuildConfiguration;
			buildSettings = {
				CLANG_ENABLE_MODULES = YES;
				CODE_SIGN_STYLE = Automatic;
				COMBINE_HIDPI_IMAGES = YES;
				DEFINES_MODULE = YES;
				DEVELOPMENT_TEAM = QU32S9PHWL;
				DYLIB_COMPATIBILITY_VERSION = 1;
				DYLIB_CURRENT_VERSION = 1;
				DYLIB_INSTALL_NAME_BASE = "@rpath";
				INFOPLIST_FILE = Infra/Info.plist;
				INSTALL_PATH = "$(LOCAL_LIBRARY_DIR)/Frameworks";
				LD_RUNPATH_SEARCH_PATHS = (
					"$(inherited)",
					"@executable_path/../Frameworks",
					"@loader_path/Frameworks",
				);
				MACOSX_DEPLOYMENT_TARGET = 10.15;
				PRODUCT_BUNDLE_IDENTIFIER = MacBook.Infra;
				PRODUCT_NAME = "$(TARGET_NAME:c99extidentifier)";
				SDKROOT = macosx;
				SKIP_INSTALL = YES;
				SUPPORTED_PLATFORMS = "macosx iphonesimulator iphoneos";
				SWIFT_VERSION = 5.0;
			};
			name = Release;
		};
		46292018245E289F00C85316 /* Debug */ = {
			isa = XCBuildConfiguration;
			buildSettings = {
				ALWAYS_EMBED_SWIFT_STANDARD_LIBRARIES = YES;
				CODE_SIGN_STYLE = Automatic;
				COMBINE_HIDPI_IMAGES = YES;
				DEVELOPMENT_TEAM = QU32S9PHWL;
				INFOPLIST_FILE = InfraTests/Info.plist;
				LD_RUNPATH_SEARCH_PATHS = (
					"$(inherited)",
					"@executable_path/../Frameworks",
					"@loader_path/../Frameworks",
				);
				MACOSX_DEPLOYMENT_TARGET = 10.15;
				PRODUCT_BUNDLE_IDENTIFIER = MacBook.InfraTests;
				PRODUCT_NAME = "$(TARGET_NAME)";
				SDKROOT = macosx;
				SUPPORTED_PLATFORMS = "macosx iphonesimulator iphoneos";
				SWIFT_VERSION = 5.0;
			};
			name = Debug;
		};
		46292019245E289F00C85316 /* Release */ = {
			isa = XCBuildConfiguration;
			buildSettings = {
				ALWAYS_EMBED_SWIFT_STANDARD_LIBRARIES = YES;
				CODE_SIGN_STYLE = Automatic;
				COMBINE_HIDPI_IMAGES = YES;
				DEVELOPMENT_TEAM = QU32S9PHWL;
				INFOPLIST_FILE = InfraTests/Info.plist;
				LD_RUNPATH_SEARCH_PATHS = (
					"$(inherited)",
					"@executable_path/../Frameworks",
					"@loader_path/../Frameworks",
				);
				MACOSX_DEPLOYMENT_TARGET = 10.15;
				PRODUCT_BUNDLE_IDENTIFIER = MacBook.InfraTests;
				PRODUCT_NAME = "$(TARGET_NAME)";
				SDKROOT = macosx;
				SUPPORTED_PLATFORMS = "macosx iphonesimulator iphoneos";
				SWIFT_VERSION = 5.0;
			};
			name = Release;
		};
		466F6931245F4D7500075A93 /* Debug */ = {
			isa = XCBuildConfiguration;
			buildSettings = {
				CLANG_ENABLE_MODULES = YES;
				CODE_SIGN_STYLE = Automatic;
				COMBINE_HIDPI_IMAGES = YES;
				DEVELOPMENT_TEAM = QU32S9PHWL;
				INFOPLIST_FILE = UseCasesIntegrationTests/Info.plist;
				LD_RUNPATH_SEARCH_PATHS = (
					"$(inherited)",
					"@executable_path/../Frameworks",
					"@loader_path/../Frameworks",
				);
				MACOSX_DEPLOYMENT_TARGET = 10.15;
				PRODUCT_BUNDLE_IDENTIFIER = com.clean.app.UseCasesIntegrationTests;
				PRODUCT_NAME = "$(TARGET_NAME)";
				SDKROOT = macosx;
				SUPPORTED_PLATFORMS = "macosx iphonesimulator iphoneos";
				SWIFT_OPTIMIZATION_LEVEL = "-Onone";
				SWIFT_VERSION = 5.0;
			};
			name = Debug;
		};
		466F6932245F4D7500075A93 /* Release */ = {
			isa = XCBuildConfiguration;
			buildSettings = {
				CLANG_ENABLE_MODULES = YES;
				CODE_SIGN_STYLE = Automatic;
				COMBINE_HIDPI_IMAGES = YES;
				DEVELOPMENT_TEAM = QU32S9PHWL;
				INFOPLIST_FILE = UseCasesIntegrationTests/Info.plist;
				LD_RUNPATH_SEARCH_PATHS = (
					"$(inherited)",
					"@executable_path/../Frameworks",
					"@loader_path/../Frameworks",
				);
				MACOSX_DEPLOYMENT_TARGET = 10.15;
				PRODUCT_BUNDLE_IDENTIFIER = com.clean.app.UseCasesIntegrationTests;
				PRODUCT_NAME = "$(TARGET_NAME)";
				SDKROOT = macosx;
				SUPPORTED_PLATFORMS = "macosx iphonesimulator iphoneos";
				SWIFT_VERSION = 5.0;
			};
			name = Release;
		};
		466F6950245F54F200075A93 /* Debug */ = {
			isa = XCBuildConfiguration;
			buildSettings = {
				CLANG_ENABLE_MODULES = YES;
				CODE_SIGN_STYLE = Automatic;
				COMBINE_HIDPI_IMAGES = YES;
				DEFINES_MODULE = YES;
				DEVELOPMENT_TEAM = QU32S9PHWL;
				DYLIB_COMPATIBILITY_VERSION = 1;
				DYLIB_CURRENT_VERSION = 1;
				DYLIB_INSTALL_NAME_BASE = "@rpath";
				INFOPLIST_FILE = Presentation/Info.plist;
				INSTALL_PATH = "$(LOCAL_LIBRARY_DIR)/Frameworks";
				LD_RUNPATH_SEARCH_PATHS = (
					"$(inherited)",
					"@executable_path/../Frameworks",
					"@loader_path/Frameworks",
				);
				MACOSX_DEPLOYMENT_TARGET = 10.15;
				PRODUCT_BUNDLE_IDENTIFIER = com.clean.app.Presentation;
				PRODUCT_NAME = "$(TARGET_NAME:c99extidentifier)";
				SDKROOT = macosx;
				SKIP_INSTALL = YES;
				SUPPORTED_PLATFORMS = "macosx iphonesimulator iphoneos";
				SWIFT_OPTIMIZATION_LEVEL = "-Onone";
				SWIFT_VERSION = 5.0;
			};
			name = Debug;
		};
		466F6951245F54F200075A93 /* Release */ = {
			isa = XCBuildConfiguration;
			buildSettings = {
				CLANG_ENABLE_MODULES = YES;
				CODE_SIGN_STYLE = Automatic;
				COMBINE_HIDPI_IMAGES = YES;
				DEFINES_MODULE = YES;
				DEVELOPMENT_TEAM = QU32S9PHWL;
				DYLIB_COMPATIBILITY_VERSION = 1;
				DYLIB_CURRENT_VERSION = 1;
				DYLIB_INSTALL_NAME_BASE = "@rpath";
				INFOPLIST_FILE = Presentation/Info.plist;
				INSTALL_PATH = "$(LOCAL_LIBRARY_DIR)/Frameworks";
				LD_RUNPATH_SEARCH_PATHS = (
					"$(inherited)",
					"@executable_path/../Frameworks",
					"@loader_path/Frameworks",
				);
				MACOSX_DEPLOYMENT_TARGET = 10.15;
				PRODUCT_BUNDLE_IDENTIFIER = com.clean.app.Presentation;
				PRODUCT_NAME = "$(TARGET_NAME:c99extidentifier)";
				SDKROOT = macosx;
				SKIP_INSTALL = YES;
				SUPPORTED_PLATFORMS = "macosx iphonesimulator iphoneos";
				SWIFT_VERSION = 5.0;
			};
			name = Release;
		};
		466F6953245F54F200075A93 /* Debug */ = {
			isa = XCBuildConfiguration;
			buildSettings = {
				ALWAYS_EMBED_SWIFT_STANDARD_LIBRARIES = YES;
				CODE_SIGN_STYLE = Automatic;
				COMBINE_HIDPI_IMAGES = YES;
				DEVELOPMENT_TEAM = QU32S9PHWL;
				INFOPLIST_FILE = PresentationTests/Info.plist;
				LD_RUNPATH_SEARCH_PATHS = (
					"$(inherited)",
					"@executable_path/../Frameworks",
					"@loader_path/../Frameworks",
				);
				MACOSX_DEPLOYMENT_TARGET = 10.15;
				PRODUCT_BUNDLE_IDENTIFIER = com.clean.app.PresentationTests;
				PRODUCT_NAME = "$(TARGET_NAME)";
				SDKROOT = macosx;
				SUPPORTED_PLATFORMS = "macosx iphonesimulator iphoneos";
				SWIFT_VERSION = 5.0;
			};
			name = Debug;
		};
		466F6954245F54F200075A93 /* Release */ = {
			isa = XCBuildConfiguration;
			buildSettings = {
				ALWAYS_EMBED_SWIFT_STANDARD_LIBRARIES = YES;
				CODE_SIGN_STYLE = Automatic;
				COMBINE_HIDPI_IMAGES = YES;
				DEVELOPMENT_TEAM = QU32S9PHWL;
				INFOPLIST_FILE = PresentationTests/Info.plist;
				LD_RUNPATH_SEARCH_PATHS = (
					"$(inherited)",
					"@executable_path/../Frameworks",
					"@loader_path/../Frameworks",
				);
				MACOSX_DEPLOYMENT_TARGET = 10.15;
				PRODUCT_BUNDLE_IDENTIFIER = com.clean.app.PresentationTests;
				PRODUCT_NAME = "$(TARGET_NAME)";
				SDKROOT = macosx;
				SUPPORTED_PLATFORMS = "macosx iphonesimulator iphoneos";
				SWIFT_VERSION = 5.0;
			};
			name = Release;
		};
		46938E67245D0FED00F6F599 /* Debug */ = {
			isa = XCBuildConfiguration;
			buildSettings = {
				ALWAYS_SEARCH_USER_PATHS = NO;
				CLANG_ANALYZER_NONNULL = YES;
				CLANG_ANALYZER_NUMBER_OBJECT_CONVERSION = YES_AGGRESSIVE;
				CLANG_CXX_LANGUAGE_STANDARD = "gnu++14";
				CLANG_CXX_LIBRARY = "libc++";
				CLANG_ENABLE_MODULES = YES;
				CLANG_ENABLE_OBJC_ARC = YES;
				CLANG_ENABLE_OBJC_WEAK = YES;
				CLANG_WARN_BLOCK_CAPTURE_AUTORELEASING = YES;
				CLANG_WARN_BOOL_CONVERSION = YES;
				CLANG_WARN_COMMA = YES;
				CLANG_WARN_CONSTANT_CONVERSION = YES;
				CLANG_WARN_DEPRECATED_OBJC_IMPLEMENTATIONS = YES;
				CLANG_WARN_DIRECT_OBJC_ISA_USAGE = YES_ERROR;
				CLANG_WARN_DOCUMENTATION_COMMENTS = YES;
				CLANG_WARN_EMPTY_BODY = YES;
				CLANG_WARN_ENUM_CONVERSION = YES;
				CLANG_WARN_INFINITE_RECURSION = YES;
				CLANG_WARN_INT_CONVERSION = YES;
				CLANG_WARN_NON_LITERAL_NULL_CONVERSION = YES;
				CLANG_WARN_OBJC_IMPLICIT_RETAIN_SELF = YES;
				CLANG_WARN_OBJC_LITERAL_CONVERSION = YES;
				CLANG_WARN_OBJC_ROOT_CLASS = YES_ERROR;
				CLANG_WARN_RANGE_LOOP_ANALYSIS = YES;
				CLANG_WARN_STRICT_PROTOTYPES = YES;
				CLANG_WARN_SUSPICIOUS_MOVE = YES;
				CLANG_WARN_UNGUARDED_AVAILABILITY = YES_AGGRESSIVE;
				CLANG_WARN_UNREACHABLE_CODE = YES;
				CLANG_WARN__DUPLICATE_METHOD_MATCH = YES;
				COPY_PHASE_STRIP = NO;
				CURRENT_PROJECT_VERSION = 1;
				DEBUG_INFORMATION_FORMAT = dwarf;
				ENABLE_STRICT_OBJC_MSGSEND = YES;
				ENABLE_TESTABILITY = YES;
				GCC_C_LANGUAGE_STANDARD = gnu11;
				GCC_DYNAMIC_NO_PIC = NO;
				GCC_NO_COMMON_BLOCKS = YES;
				GCC_OPTIMIZATION_LEVEL = 0;
				GCC_PREPROCESSOR_DEFINITIONS = (
					"DEBUG=1",
					"$(inherited)",
				);
				GCC_WARN_64_TO_32_BIT_CONVERSION = YES;
				GCC_WARN_ABOUT_RETURN_TYPE = YES_ERROR;
				GCC_WARN_UNDECLARED_SELECTOR = YES;
				GCC_WARN_UNINITIALIZED_AUTOS = YES_AGGRESSIVE;
				GCC_WARN_UNUSED_FUNCTION = YES;
				GCC_WARN_UNUSED_VARIABLE = YES;
				IPHONEOS_DEPLOYMENT_TARGET = 13.4;
				MTL_ENABLE_DEBUG_INFO = INCLUDE_SOURCE;
				MTL_FAST_MATH = YES;
				ONLY_ACTIVE_ARCH = YES;
				SDKROOT = iphoneos;
				SWIFT_ACTIVE_COMPILATION_CONDITIONS = DEBUG;
				SWIFT_OPTIMIZATION_LEVEL = "-Onone";
				VERSIONING_SYSTEM = "apple-generic";
				VERSION_INFO_PREFIX = "";
			};
			name = Debug;
		};
		46938E68245D0FED00F6F599 /* Release */ = {
			isa = XCBuildConfiguration;
			buildSettings = {
				ALWAYS_SEARCH_USER_PATHS = NO;
				CLANG_ANALYZER_NONNULL = YES;
				CLANG_ANALYZER_NUMBER_OBJECT_CONVERSION = YES_AGGRESSIVE;
				CLANG_CXX_LANGUAGE_STANDARD = "gnu++14";
				CLANG_CXX_LIBRARY = "libc++";
				CLANG_ENABLE_MODULES = YES;
				CLANG_ENABLE_OBJC_ARC = YES;
				CLANG_ENABLE_OBJC_WEAK = YES;
				CLANG_WARN_BLOCK_CAPTURE_AUTORELEASING = YES;
				CLANG_WARN_BOOL_CONVERSION = YES;
				CLANG_WARN_COMMA = YES;
				CLANG_WARN_CONSTANT_CONVERSION = YES;
				CLANG_WARN_DEPRECATED_OBJC_IMPLEMENTATIONS = YES;
				CLANG_WARN_DIRECT_OBJC_ISA_USAGE = YES_ERROR;
				CLANG_WARN_DOCUMENTATION_COMMENTS = YES;
				CLANG_WARN_EMPTY_BODY = YES;
				CLANG_WARN_ENUM_CONVERSION = YES;
				CLANG_WARN_INFINITE_RECURSION = YES;
				CLANG_WARN_INT_CONVERSION = YES;
				CLANG_WARN_NON_LITERAL_NULL_CONVERSION = YES;
				CLANG_WARN_OBJC_IMPLICIT_RETAIN_SELF = YES;
				CLANG_WARN_OBJC_LITERAL_CONVERSION = YES;
				CLANG_WARN_OBJC_ROOT_CLASS = YES_ERROR;
				CLANG_WARN_RANGE_LOOP_ANALYSIS = YES;
				CLANG_WARN_STRICT_PROTOTYPES = YES;
				CLANG_WARN_SUSPICIOUS_MOVE = YES;
				CLANG_WARN_UNGUARDED_AVAILABILITY = YES_AGGRESSIVE;
				CLANG_WARN_UNREACHABLE_CODE = YES;
				CLANG_WARN__DUPLICATE_METHOD_MATCH = YES;
				COPY_PHASE_STRIP = NO;
				CURRENT_PROJECT_VERSION = 1;
				DEBUG_INFORMATION_FORMAT = "dwarf-with-dsym";
				ENABLE_NS_ASSERTIONS = NO;
				ENABLE_STRICT_OBJC_MSGSEND = YES;
				GCC_C_LANGUAGE_STANDARD = gnu11;
				GCC_NO_COMMON_BLOCKS = YES;
				GCC_WARN_64_TO_32_BIT_CONVERSION = YES;
				GCC_WARN_ABOUT_RETURN_TYPE = YES_ERROR;
				GCC_WARN_UNDECLARED_SELECTOR = YES;
				GCC_WARN_UNINITIALIZED_AUTOS = YES_AGGRESSIVE;
				GCC_WARN_UNUSED_FUNCTION = YES;
				GCC_WARN_UNUSED_VARIABLE = YES;
				IPHONEOS_DEPLOYMENT_TARGET = 13.4;
				MTL_ENABLE_DEBUG_INFO = NO;
				MTL_FAST_MATH = YES;
				SDKROOT = iphoneos;
				SWIFT_COMPILATION_MODE = wholemodule;
				SWIFT_OPTIMIZATION_LEVEL = "-O";
				VALIDATE_PRODUCT = YES;
				VERSIONING_SYSTEM = "apple-generic";
				VERSION_INFO_PREFIX = "";
			};
			name = Release;
		};
		46938E77245D10F400F6F599 /* Debug */ = {
			isa = XCBuildConfiguration;
			buildSettings = {
				CLANG_ENABLE_MODULES = YES;
				CODE_SIGN_STYLE = Automatic;
				COMBINE_HIDPI_IMAGES = YES;
				DEFINES_MODULE = YES;
				DEVELOPMENT_TEAM = QU32S9PHWL;
				DYLIB_COMPATIBILITY_VERSION = 1;
				DYLIB_CURRENT_VERSION = 1;
				DYLIB_INSTALL_NAME_BASE = "@rpath";
				INFOPLIST_FILE = Domain/Info.plist;
				INSTALL_PATH = "$(LOCAL_LIBRARY_DIR)/Frameworks";
				LD_RUNPATH_SEARCH_PATHS = (
					"$(inherited)",
					"@executable_path/../Frameworks",
					"@loader_path/Frameworks",
				);
				MACOSX_DEPLOYMENT_TARGET = 10.15;
				PRODUCT_BUNDLE_IDENTIFIER = MacBook.Domain;
				PRODUCT_NAME = "$(TARGET_NAME:c99extidentifier)";
				SDKROOT = macosx;
				SKIP_INSTALL = YES;
				SUPPORTED_PLATFORMS = "macosx iphonesimulator iphoneos";
				SWIFT_OPTIMIZATION_LEVEL = "-Onone";
				SWIFT_VERSION = 5.0;
			};
			name = Debug;
		};
		46938E78245D10F400F6F599 /* Release */ = {
			isa = XCBuildConfiguration;
			buildSettings = {
				CLANG_ENABLE_MODULES = YES;
				CODE_SIGN_STYLE = Automatic;
				COMBINE_HIDPI_IMAGES = YES;
				DEFINES_MODULE = YES;
				DEVELOPMENT_TEAM = QU32S9PHWL;
				DYLIB_COMPATIBILITY_VERSION = 1;
				DYLIB_CURRENT_VERSION = 1;
				DYLIB_INSTALL_NAME_BASE = "@rpath";
				INFOPLIST_FILE = Domain/Info.plist;
				INSTALL_PATH = "$(LOCAL_LIBRARY_DIR)/Frameworks";
				LD_RUNPATH_SEARCH_PATHS = (
					"$(inherited)",
					"@executable_path/../Frameworks",
					"@loader_path/Frameworks",
				);
				MACOSX_DEPLOYMENT_TARGET = 10.15;
				PRODUCT_BUNDLE_IDENTIFIER = MacBook.Domain;
				PRODUCT_NAME = "$(TARGET_NAME:c99extidentifier)";
				SDKROOT = macosx;
				SKIP_INSTALL = YES;
				SUPPORTED_PLATFORMS = "macosx iphonesimulator iphoneos";
				SWIFT_VERSION = 5.0;
			};
			name = Release;
		};
		46CD5BA824610C0300DBFC15 /* Debug */ = {
			isa = XCBuildConfiguration;
			buildSettings = {
				CLANG_ENABLE_MODULES = YES;
				CODE_SIGN_STYLE = Automatic;
				COMBINE_HIDPI_IMAGES = YES;
				DEFINES_MODULE = YES;
				DEVELOPMENT_TEAM = QU32S9PHWL;
				DYLIB_COMPATIBILITY_VERSION = 1;
				DYLIB_CURRENT_VERSION = 1;
				DYLIB_INSTALL_NAME_BASE = "@rpath";
				INFOPLIST_FILE = UI/Info.plist;
				INSTALL_PATH = "$(LOCAL_LIBRARY_DIR)/Frameworks";
				LD_RUNPATH_SEARCH_PATHS = (
					"$(inherited)",
					"@executable_path/../Frameworks",
					"@loader_path/Frameworks",
				);
				MACOSX_DEPLOYMENT_TARGET = 10.15;
				PRODUCT_BUNDLE_IDENTIFIER = com.clean.app.UI;
				PRODUCT_NAME = "$(TARGET_NAME:c99extidentifier)";
				SDKROOT = macosx;
				SKIP_INSTALL = YES;
				SUPPORTED_PLATFORMS = "macosx iphonesimulator iphoneos";
				SWIFT_OPTIMIZATION_LEVEL = "-Onone";
				SWIFT_VERSION = 5.0;
			};
			name = Debug;
		};
		46CD5BA924610C0300DBFC15 /* Release */ = {
			isa = XCBuildConfiguration;
			buildSettings = {
				CLANG_ENABLE_MODULES = YES;
				CODE_SIGN_STYLE = Automatic;
				COMBINE_HIDPI_IMAGES = YES;
				DEFINES_MODULE = YES;
				DEVELOPMENT_TEAM = QU32S9PHWL;
				DYLIB_COMPATIBILITY_VERSION = 1;
				DYLIB_CURRENT_VERSION = 1;
				DYLIB_INSTALL_NAME_BASE = "@rpath";
				INFOPLIST_FILE = UI/Info.plist;
				INSTALL_PATH = "$(LOCAL_LIBRARY_DIR)/Frameworks";
				LD_RUNPATH_SEARCH_PATHS = (
					"$(inherited)",
					"@executable_path/../Frameworks",
					"@loader_path/Frameworks",
				);
				MACOSX_DEPLOYMENT_TARGET = 10.15;
				PRODUCT_BUNDLE_IDENTIFIER = com.clean.app.UI;
				PRODUCT_NAME = "$(TARGET_NAME:c99extidentifier)";
				SDKROOT = macosx;
				SKIP_INSTALL = YES;
				SUPPORTED_PLATFORMS = "macosx iphonesimulator iphoneos";
				SWIFT_VERSION = 5.0;
			};
			name = Release;
		};
		46CD5BAB24610C0300DBFC15 /* Debug */ = {
			isa = XCBuildConfiguration;
			buildSettings = {
				ALWAYS_EMBED_SWIFT_STANDARD_LIBRARIES = YES;
				CODE_SIGN_STYLE = Automatic;
				COMBINE_HIDPI_IMAGES = YES;
				DEVELOPMENT_TEAM = QU32S9PHWL;
				INFOPLIST_FILE = UITests/Info.plist;
				LD_RUNPATH_SEARCH_PATHS = (
					"$(inherited)",
					"@executable_path/../Frameworks",
					"@loader_path/../Frameworks",
				);
				MACOSX_DEPLOYMENT_TARGET = 10.15;
				PRODUCT_BUNDLE_IDENTIFIER = com.clean.app.UITests;
				PRODUCT_NAME = "$(TARGET_NAME)";
				SDKROOT = macosx;
				SUPPORTED_PLATFORMS = "macosx iphonesimulator iphoneos";
				SWIFT_VERSION = 5.0;
			};
			name = Debug;
		};
		46CD5BAC24610C0300DBFC15 /* Release */ = {
			isa = XCBuildConfiguration;
			buildSettings = {
				ALWAYS_EMBED_SWIFT_STANDARD_LIBRARIES = YES;
				CODE_SIGN_STYLE = Automatic;
				COMBINE_HIDPI_IMAGES = YES;
				DEVELOPMENT_TEAM = QU32S9PHWL;
				INFOPLIST_FILE = UITests/Info.plist;
				LD_RUNPATH_SEARCH_PATHS = (
					"$(inherited)",
					"@executable_path/../Frameworks",
					"@loader_path/../Frameworks",
				);
				MACOSX_DEPLOYMENT_TARGET = 10.15;
				PRODUCT_BUNDLE_IDENTIFIER = com.clean.app.UITests;
				PRODUCT_NAME = "$(TARGET_NAME)";
				SDKROOT = macosx;
				SUPPORTED_PLATFORMS = "macosx iphonesimulator iphoneos";
				SWIFT_VERSION = 5.0;
			};
			name = Release;
		};
/* End XCBuildConfiguration section */

/* Begin XCConfigurationList section */
		461B2828245D1BD400ED32C1 /* Build configuration list for PBXNativeTarget "Data" */ = {
			isa = XCConfigurationList;
			buildConfigurations = (
				461B2829245D1BD400ED32C1 /* Debug */,
				461B282A245D1BD400ED32C1 /* Release */,
			);
			defaultConfigurationIsVisible = 0;
			defaultConfigurationName = Release;
		};
		461B282B245D1BD400ED32C1 /* Build configuration list for PBXNativeTarget "DataTests" */ = {
			isa = XCConfigurationList;
			buildConfigurations = (
				461B282C245D1BD400ED32C1 /* Debug */,
				461B282D245D1BD400ED32C1 /* Release */,
			);
			defaultConfigurationIsVisible = 0;
			defaultConfigurationName = Release;
		};
		4629201A245E289F00C85316 /* Build configuration list for PBXNativeTarget "Infra" */ = {
			isa = XCConfigurationList;
			buildConfigurations = (
				46292016245E289F00C85316 /* Debug */,
				46292017245E289F00C85316 /* Release */,
			);
			defaultConfigurationIsVisible = 0;
			defaultConfigurationName = Release;
		};
		4629201B245E289F00C85316 /* Build configuration list for PBXNativeTarget "InfraTests" */ = {
			isa = XCConfigurationList;
			buildConfigurations = (
				46292018245E289F00C85316 /* Debug */,
				46292019245E289F00C85316 /* Release */,
			);
			defaultConfigurationIsVisible = 0;
			defaultConfigurationName = Release;
		};
		466F6930245F4D7500075A93 /* Build configuration list for PBXNativeTarget "UseCasesIntegrationTests" */ = {
			isa = XCConfigurationList;
			buildConfigurations = (
				466F6931245F4D7500075A93 /* Debug */,
				466F6932245F4D7500075A93 /* Release */,
			);
			defaultConfigurationIsVisible = 0;
			defaultConfigurationName = Release;
		};
		466F694F245F54F200075A93 /* Build configuration list for PBXNativeTarget "Presentation" */ = {
			isa = XCConfigurationList;
			buildConfigurations = (
				466F6950245F54F200075A93 /* Debug */,
				466F6951245F54F200075A93 /* Release */,
			);
			defaultConfigurationIsVisible = 0;
			defaultConfigurationName = Release;
		};
		466F6952245F54F200075A93 /* Build configuration list for PBXNativeTarget "PresentationTests" */ = {
			isa = XCConfigurationList;
			buildConfigurations = (
				466F6953245F54F200075A93 /* Debug */,
				466F6954245F54F200075A93 /* Release */,
			);
			defaultConfigurationIsVisible = 0;
			defaultConfigurationName = Release;
		};
		46938E5B245D0FEC00F6F599 /* Build configuration list for PBXProject "CleanApp" */ = {
			isa = XCConfigurationList;
			buildConfigurations = (
				46938E67245D0FED00F6F599 /* Debug */,
				46938E68245D0FED00F6F599 /* Release */,
			);
			defaultConfigurationIsVisible = 0;
			defaultConfigurationName = Release;
		};
		46938E76245D10F400F6F599 /* Build configuration list for PBXNativeTarget "Domain" */ = {
			isa = XCConfigurationList;
			buildConfigurations = (
				46938E77245D10F400F6F599 /* Debug */,
				46938E78245D10F400F6F599 /* Release */,
			);
			defaultConfigurationIsVisible = 0;
			defaultConfigurationName = Release;
		};
		46CD5BA724610C0300DBFC15 /* Build configuration list for PBXNativeTarget "UI" */ = {
			isa = XCConfigurationList;
			buildConfigurations = (
				46CD5BA824610C0300DBFC15 /* Debug */,
				46CD5BA924610C0300DBFC15 /* Release */,
			);
			defaultConfigurationIsVisible = 0;
			defaultConfigurationName = Release;
		};
		46CD5BAA24610C0300DBFC15 /* Build configuration list for PBXNativeTarget "UITests" */ = {
			isa = XCConfigurationList;
			buildConfigurations = (
				46CD5BAB24610C0300DBFC15 /* Debug */,
				46CD5BAC24610C0300DBFC15 /* Release */,
			);
			defaultConfigurationIsVisible = 0;
			defaultConfigurationName = Release;
		};
/* End XCConfigurationList section */

/* Begin XCRemoteSwiftPackageReference section */
		46292023245E2D1400C85316 /* XCRemoteSwiftPackageReference "Alamofire" */ = {
			isa = XCRemoteSwiftPackageReference;
			repositoryURL = "https://github.com/Alamofire/Alamofire.git";
			requirement = {
				kind = upToNextMajorVersion;
				minimumVersion = 5.1.0;
			};
		};
/* End XCRemoteSwiftPackageReference section */

/* Begin XCSwiftPackageProductDependency section */
		46292024245E2D1500C85316 /* Alamofire */ = {
			isa = XCSwiftPackageProductDependency;
			package = 46292023245E2D1400C85316 /* XCRemoteSwiftPackageReference "Alamofire" */;
			productName = Alamofire;
		};
/* End XCSwiftPackageProductDependency section */
	};
	rootObject = 46938E58245D0FEC00F6F599 /* Project object */;
}
